<?xml version="1.0" encoding="utf-8"?>
<Project ToolsVersion="15.0" xmlns="http://schemas.microsoft.com/developer/msbuild/2003">
  <ItemGroup>
    <CustomBuild Include="C:\dev\opticks-org\opticks\Dependencies\src\ossim\ossim-build\CMakeFiles\d7dcc1cea91633f7a61f08fbba77f791\INSTALL_force.rule">
      <Filter>CMake Rules</Filter>
    </CustomBuild>
  </ItemGroup>
  <ItemGroup>
    <Filter Include="CMake Rules">
      <UniqueIdentifier>{DD24E80C-069F-3B00-A829-92B9BE52BBC2}</UniqueIdentifier>
    </Filter>
  </ItemGroup>
</Project>
