<?xml version="1.0" encoding="utf-8"?>
<Project ToolsVersion="4.0" xmlns="http://schemas.microsoft.com/developer/msbuild/2003">
  <ItemGroup>
    <Filter Include="Source Files">
      <UniqueIdentifier>{8f95d3ee-3ec2-4e91-84dc-89ec3960fc26}</UniqueIdentifier>
      <Extensions>cpp;c;cxx;rc;def;r;odl;idl;hpj;bat</Extensions>
    </Filter>
    <Filter Include="Header Files">
      <UniqueIdentifier>{b0d80e98-8a1a-45d7-a75b-84d103e2d87d}</UniqueIdentifier>
      <Extensions>h;hpp;hxx;hm;inl</Extensions>
    </Filter>
    <Filter Include="Resource Files">
      <UniqueIdentifier>{b5f10e5f-439c-488a-8fbd-7572fdf748c5}</UniqueIdentifier>
      <Extensions>ico;cur;bmp;dlg;rc2;rct;bin;rgs;gif;jpg;jpeg;jpe</Extensions>
    </Filter>
  </ItemGroup>
  <ItemGroup>
    <ClCompile Include="EnviExporter.cpp">
      <Filter>Source Files</Filter>
    </ClCompile>
    <ClCompile Include="EnviField.cpp">
      <Filter>Source Files</Filter>
    </ClCompile>
    <ClCompile Include="EnviImporter.cpp">
      <Filter>Source Files</Filter>
    </ClCompile>
    <ClCompile Include="EnviLibraryExporter.cpp">
      <Filter>Source Files</Filter>
    </ClCompile>
    <ClCompile Include="EnviLibraryImporter.cpp">
      <Filter>Source Files</Filter>
    </ClCompile>
    <ClCompile Include="ModuleManager.cpp">
      <Filter>Source Files</Filter>
    </ClCompile>
  </ItemGroup>
  <ItemGroup>
    <ClInclude Include="EnviExporter.h">
      <Filter>Header Files</Filter>
    </ClInclude>
    <ClInclude Include="EnviField.h">
      <Filter>Header Files</Filter>
    </ClInclude>
    <ClInclude Include="EnviImporter.h">
      <Filter>Header Files</Filter>
    </ClInclude>
    <ClInclude Include="EnviLibraryExporter.h">
      <Filter>Header Files</Filter>
    </ClInclude>
    <ClInclude Include="EnviLibraryImporter.h">
      <Filter>Header Files</Filter>
    </ClInclude>
  </ItemGroup>
</Project>