<?xml version="1.0" encoding="utf-8"?>
<Project ToolsVersion="4.0" xmlns="http://schemas.microsoft.com/developer/msbuild/2003">
  <ItemGroup>
    <Filter Include="Source Files">
      <UniqueIdentifier>{099cd400-fb34-4283-a3d0-e697592ad1a7}</UniqueIdentifier>
      <Extensions>cpp;c;cxx;rc;def;r;odl;idl;hpj;bat</Extensions>
    </Filter>
    <Filter Include="Header Files">
      <UniqueIdentifier>{27b5b4e6-89ff-4480-9324-7cd001b856ee}</UniqueIdentifier>
      <Extensions>h;hpp;hxx;hm;inl</Extensions>
    </Filter>
    <Filter Include="moc">
      <UniqueIdentifier>{239ec766-92a1-4a97-bcda-d673698619a6}</UniqueIdentifier>
    </Filter>
  </ItemGroup>
  <ItemGroup>
    <ClCompile Include="Aeb.cpp">
      <Filter>Source Files</Filter>
    </ClCompile>
    <ClCompile Include="AebId.cpp">
      <Filter>Source Files</Filter>
    </ClCompile>
    <ClCompile Include="AebIo.cpp">
      <Filter>Source Files</Filter>
    </ClCompile>
    <ClCompile Include="AebPlatform.cpp">
      <Filter>Source Files</Filter>
    </ClCompile>
    <ClCompile Include="AebRequirement.cpp">
      <Filter>Source Files</Filter>
    </ClCompile>
    <ClCompile Include="AebVersion.cpp">
      <Filter>Source Files</Filter>
    </ClCompile>
    <ClCompile Include="ExtensionListDelegate.cpp">
      <Filter>Source Files</Filter>
    </ClCompile>
    <ClCompile Include="ExtensionListDialog.cpp">
      <Filter>Source Files</Filter>
    </ClCompile>
    <ClCompile Include="ExtensionListItem.cpp">
      <Filter>Source Files</Filter>
    </ClCompile>
    <ClCompile Include="InstallerServicesImp.cpp">
      <Filter>Source Files</Filter>
    </ClCompile>
    <ClCompile Include="InstallWizard.cpp">
      <Filter>Source Files</Filter>
    </ClCompile>
    <ClCompile Include="InstallWizardInfoPage.cpp">
      <Filter>Source Files</Filter>
    </ClCompile>
    <ClCompile Include="InstallWizardLicensePage.cpp">
      <Filter>Source Files</Filter>
    </ClCompile>
    <ClCompile Include="ReferenceCountDatabase.cpp">
      <Filter>Source Files</Filter>
    </ClCompile>
    <ClCompile Include="Transaction.cpp">
      <Filter>Source Files</Filter>
    </ClCompile>
    <ClCompile Include="TransactionLog.cpp">
      <Filter>Source Files</Filter>
    </ClCompile>
    <ClCompile Include="$(BuildDir)\Moc\$(ProjectName)\moc_ExtensionListDelegate.cpp">
      <Filter>moc</Filter>
    </ClCompile>
    <ClCompile Include="$(BuildDir)\Moc\$(ProjectName)\moc_ExtensionListDialog.cpp">
      <Filter>moc</Filter>
    </ClCompile>
    <ClCompile Include="$(BuildDir)\Moc\$(ProjectName)\moc_ExtensionListItem.cpp">
      <Filter>moc</Filter>
    </ClCompile>
    <ClCompile Include="$(BuildDir)\Moc\$(ProjectName)\moc_InstallWizard.cpp">
      <Filter>moc</Filter>
    </ClCompile>
    <ClCompile Include="$(BuildDir)\Moc\$(ProjectName)\moc_InstallWizardInfoPage.cpp">
      <Filter>moc</Filter>
    </ClCompile>
    <ClCompile Include="$(BuildDir)\Moc\$(ProjectName)\moc_InstallWizardLicensePage.cpp">
      <Filter>moc</Filter>
    </ClCompile>
  </ItemGroup>
  <ItemGroup>
    <ClInclude Include="Aeb.h">
      <Filter>Header Files</Filter>
    </ClInclude>
    <ClInclude Include="AebId.h">
      <Filter>Header Files</Filter>
    </ClInclude>
    <ClInclude Include="AebIo.h">
      <Filter>Header Files</Filter>
    </ClInclude>
    <ClInclude Include="AebPlatform.h">
      <Filter>Header Files</Filter>
    </ClInclude>
    <ClInclude Include="AebRequirement.h">
      <Filter>Header Files</Filter>
    </ClInclude>
    <ClInclude Include="AebVersion.h">
      <Filter>Header Files</Filter>
    </ClInclude>
    <ClInclude Include="InstallerServices.h">
      <Filter>Header Files</Filter>
    </ClInclude>
    <ClInclude Include="InstallerServicesImp.h">
      <Filter>Header Files</Filter>
    </ClInclude>
    <ClInclude Include="ReferenceCountDatabase.h">
      <Filter>Header Files</Filter>
    </ClInclude>
    <ClInclude Include="Transaction.h">
      <Filter>Header Files</Filter>
    </ClInclude>
    <ClInclude Include="TransactionLog.h">
      <Filter>Header Files</Filter>
    </ClInclude>
    <ClInclude Include="ZipResource.h">
      <Filter>Header Files</Filter>
    </ClInclude>
  </ItemGroup>
  <ItemGroup>
    <CustomBuild Include="ExtensionListDelegate.h">
      <Filter>Header Files</Filter>
    </CustomBuild>
    <CustomBuild Include="ExtensionListDialog.h">
      <Filter>Header Files</Filter>
    </CustomBuild>
    <CustomBuild Include="ExtensionListItem.h">
      <Filter>Header Files</Filter>
    </CustomBuild>
    <CustomBuild Include="InstallWizard.h">
      <Filter>Header Files</Filter>
    </CustomBuild>
    <CustomBuild Include="InstallWizardInfoPage.h">
      <Filter>Header Files</Filter>
    </CustomBuild>
    <CustomBuild Include="InstallWizardLicensePage.h">
      <Filter>Header Files</Filter>
    </CustomBuild>
  </ItemGroup>
</Project>