<?xml version="1.0" encoding="utf-8"?>
<Project ToolsVersion="4.0" xmlns="http://schemas.microsoft.com/developer/msbuild/2003">
  <ItemGroup>
    <Filter Include="Source Files">
      <UniqueIdentifier>{555ced90-5fdc-4292-916c-ab0f4dfacd41}</UniqueIdentifier>
      <Extensions>cpp;c;cxx;rc;def;r;odl;idl;hpj;bat</Extensions>
    </Filter>
    <Filter Include="Header Files">
      <UniqueIdentifier>{af6b244c-f576-4f6e-ac8a-19235d038fca}</UniqueIdentifier>
      <Extensions>h;hpp;hxx;hm;inl</Extensions>
    </Filter>
    <Filter Include="moc">
      <UniqueIdentifier>{37f379a5-1bb2-461b-b42d-b3643234740c}</UniqueIdentifier>
      <Extensions>cpp;c;cxx;rc;def;r;odl;idl;hpj;bat</Extensions>
    </Filter>
  </ItemGroup>
  <ItemGroup>
    <ClCompile Include="AlgorithmShell.cpp">
      <Filter>Source Files</Filter>
    </ClCompile>
    <ClCompile Include="DataAccessor.cpp">
      <Filter>Source Files</Filter>
    </ClCompile>
    <ClCompile Include="DockWindowShell.cpp">
      <Filter>Source Files</Filter>
    </ClCompile>
    <ClCompile Include="ExecutableShell.cpp">
      <Filter>Source Files</Filter>
    </ClCompile>
    <ClCompile Include="ExporterShell.cpp">
      <Filter>Source Files</Filter>
    </ClCompile>
    <ClCompile Include="GeoreferenceShell.cpp">
      <Filter>Source Files</Filter>
    </ClCompile>
    <ClCompile Include="ImporterShell.cpp">
      <Filter>Source Files</Filter>
    </ClCompile>
    <ClCompile Include="InterpreterManagerShell.cpp">
      <Filter>Source Files</Filter>
    </ClCompile>
    <ClCompile Include="ModuleManagerCommon.cpp">
      <Filter>Source Files</Filter>
    </ClCompile>
    <ClCompile Include="ModuleShell.cpp">
      <Filter>Source Files</Filter>
    </ClCompile>
    <ClCompile Include="OptionShell.cpp">
      <Filter>Source Files</Filter>
    </ClCompile>
    <ClCompile Include="PlugInShell.cpp">
      <Filter>Source Files</Filter>
    </ClCompile>
    <ClCompile Include="PropertiesShell.cpp">
      <Filter>Source Files</Filter>
    </ClCompile>
    <ClCompile Include="RasterElementImporterShell.cpp">
      <Filter>Source Files</Filter>
    </ClCompile>
    <ClCompile Include="RasterPagerShell.cpp">
      <Filter>Source Files</Filter>
    </ClCompile>
    <ClCompile Include="ViewerShell.cpp">
      <Filter>Source Files</Filter>
    </ClCompile>
    <ClCompile Include="WizardShell.cpp">
      <Filter>Source Files</Filter>
    </ClCompile>
    <ClCompile Include="$(BuildDir)\Moc\$(ProjectName)\moc_DockWindowShell.cpp">
      <Filter>moc</Filter>
    </ClCompile>
    <ClCompile Include="PointCloudAccessor.cpp">
      <Filter>Source Files</Filter>
    </ClCompile>
    <ClCompile Include="PointCloudPagerShell.cpp">
      <Filter>Source Files</Filter>
    </ClCompile>
  </ItemGroup>
  <ItemGroup>
    <ClInclude Include="AlgorithmShell.h">
      <Filter>Header Files</Filter>
    </ClInclude>
    <ClInclude Include="ExecutableShell.h">
      <Filter>Header Files</Filter>
    </ClInclude>
    <ClInclude Include="ExporterShell.h">
      <Filter>Header Files</Filter>
    </ClInclude>
    <ClInclude Include="GeoreferenceShell.h">
      <Filter>Header Files</Filter>
    </ClInclude>
    <ClInclude Include="ImporterShell.h">
      <Filter>Header Files</Filter>
    </ClInclude>
    <ClInclude Include="InterpreterManagerShell.h">
      <Filter>Header Files</Filter>
    </ClInclude>
    <ClInclude Include="OptionShell.h">
      <Filter>Header Files</Filter>
    </ClInclude>
    <ClInclude Include="PlugInShell.h">
      <Filter>Header Files</Filter>
    </ClInclude>
    <ClInclude Include="PropertiesShell.h">
      <Filter>Header Files</Filter>
    </ClInclude>
    <ClInclude Include="RasterElementImporterShell.h">
      <Filter>Header Files</Filter>
    </ClInclude>
    <ClInclude Include="RasterPagerShell.h">
      <Filter>Header Files</Filter>
    </ClInclude>
    <ClInclude Include="ViewerShell.h">
      <Filter>Header Files</Filter>
    </ClInclude>
    <ClInclude Include="WizardShell.h">
      <Filter>Header Files</Filter>
    </ClInclude>
    <ClInclude Include="PointCloudPagerShell.h">
      <Filter>Header Files</Filter>
    </ClInclude>
  </ItemGroup>
  <ItemGroup>
    <CustomBuild Include="DockWindowShell.h">
      <Filter>Header Files</Filter>
    </CustomBuild>
  </ItemGroup>
</Project>