<?xml version="1.0" encoding="utf-8"?>
<Project ToolsVersion="4.0" xmlns="http://schemas.microsoft.com/developer/msbuild/2003">
  <ItemGroup>
    <Filter Include="Source Files">
      <UniqueIdentifier>{2f5773ab-a1b2-430d-a65e-4745e1c15d86}</UniqueIdentifier>
      <Extensions>cpp;c;cxx;rc;def;r;odl;idl;hpj;bat</Extensions>
    </Filter>
    <Filter Include="Header Files">
      <UniqueIdentifier>{551e2c6d-3aa2-43b7-9f17-055d671f164e}</UniqueIdentifier>
      <Extensions>h;hpp;hxx;hm;inl</Extensions>
    </Filter>
  </ItemGroup>
  <ItemGroup>
    <ClCompile Include="GetDataSetWavelengths.cpp">
      <Filter>Source Files</Filter>
    </ClCompile>
    <ClCompile Include="ModuleManager.cpp">
      <Filter>Source Files</Filter>
    </ClCompile>
    <ClCompile Include="SetDataSetWavelengths.cpp">
      <Filter>Source Files</Filter>
    </ClCompile>
    <ClCompile Include="WavelengthExporter.cpp">
      <Filter>Source Files</Filter>
    </ClCompile>
    <ClCompile Include="WavelengthImporter.cpp">
      <Filter>Source Files</Filter>
    </ClCompile>
    <ClCompile Include="WavelengthMetadataExporter.cpp">
      <Filter>Source Files</Filter>
    </ClCompile>
    <ClCompile Include="WavelengthMetadataImporter.cpp">
      <Filter>Source Files</Filter>
    </ClCompile>
    <ClCompile Include="WavelengthTextExporter.cpp">
      <Filter>Source Files</Filter>
    </ClCompile>
    <ClCompile Include="WavelengthTextImporter.cpp">
      <Filter>Source Files</Filter>
    </ClCompile>
  </ItemGroup>
  <ItemGroup>
    <ClInclude Include="GetDataSetWavelengths.h">
      <Filter>Header Files</Filter>
    </ClInclude>
    <ClInclude Include="SetDataSetWavelengths.h">
      <Filter>Header Files</Filter>
    </ClInclude>
    <ClInclude Include="WavelengthExporter.h">
      <Filter>Header Files</Filter>
    </ClInclude>
    <ClInclude Include="WavelengthImporter.h">
      <Filter>Header Files</Filter>
    </ClInclude>
    <ClInclude Include="WavelengthMetadataExporter.h">
      <Filter>Header Files</Filter>
    </ClInclude>
    <ClInclude Include="WavelengthMetadataImporter.h">
      <Filter>Header Files</Filter>
    </ClInclude>
    <ClInclude Include="WavelengthTextExporter.h">
      <Filter>Header Files</Filter>
    </ClInclude>
    <ClInclude Include="WavelengthTextImporter.h">
      <Filter>Header Files</Filter>
    </ClInclude>
  </ItemGroup>
</Project>