<?xml version="1.0" encoding="utf-8"?>
<Project ToolsVersion="4.0" xmlns="http://schemas.microsoft.com/developer/msbuild/2003">
  <ItemGroup>
    <Filter Include="Source Files">
      <UniqueIdentifier>{4FC737F1-C7A5-4376-A066-2A32D752A2FF}</UniqueIdentifier>
      <Extensions>cpp;c;cc;cxx;def;odl;idl;hpj;bat;asm;asmx</Extensions>
    </Filter>
    <Filter Include="Header Files">
      <UniqueIdentifier>{93995380-89BD-4b04-88EB-625FBE52EBFB}</UniqueIdentifier>
      <Extensions>h;hpp;hxx;hm;inl;inc;xsd</Extensions>
    </Filter>
    <Filter Include="moc">
      <UniqueIdentifier>{6fe31142-9d67-4d08-96b0-b5e3b7056fde}</UniqueIdentifier>
    </Filter>
  </ItemGroup>
  <ItemGroup>
    <ClCompile Include="AspamImp.cpp">
      <Filter>Source Files</Filter>
    </ClCompile>
    <ClCompile Include="AspamImporter.cpp">
      <Filter>Source Files</Filter>
    </ClCompile>
    <ClCompile Include="AspamManager.cpp">
      <Filter>Source Files</Filter>
    </ClCompile>
    <ClCompile Include="AspamPlotSelectionDialog.cpp">
      <Filter>Source Files</Filter>
    </ClCompile>
    <ClCompile Include="AspamViewer.cpp">
      <Filter>Source Files</Filter>
    </ClCompile>
    <ClCompile Include="AspamViewerDialog.cpp">
      <Filter>Source Files</Filter>
    </ClCompile>
    <ClCompile Include="ModuleManager.cpp">
      <Filter>Source Files</Filter>
    </ClCompile>
    <ClCompile Include="$(BuildDir)\Moc\$(ProjectName)\moc_AspamPlotSelectionDialog.cpp">
      <Filter>moc</Filter>
    </ClCompile>
    <ClCompile Include="$(BuildDir)\Moc\$(ProjectName)\moc_AspamViewerDialog.cpp">
      <Filter>moc</Filter>
    </ClCompile>
  </ItemGroup>
  <ItemGroup>
    <ClInclude Include="Aspam.h">
      <Filter>Header Files</Filter>
    </ClInclude>
    <ClInclude Include="AspamAdapter.h">
      <Filter>Header Files</Filter>
    </ClInclude>
    <ClInclude Include="AspamImp.h">
      <Filter>Header Files</Filter>
    </ClInclude>
    <ClInclude Include="AspamImporter.h">
      <Filter>Header Files</Filter>
    </ClInclude>
    <ClInclude Include="AspamManager.h">
      <Filter>Header Files</Filter>
    </ClInclude>
    <ClInclude Include="AspamViewer.h">
      <Filter>Header Files</Filter>
    </ClInclude>
  </ItemGroup>
  <ItemGroup>
    <CustomBuild Include="AspamPlotSelectionDialog.h">
      <Filter>Header Files</Filter>
    </CustomBuild>
    <CustomBuild Include="AspamViewerDialog.h">
      <Filter>Header Files</Filter>
    </CustomBuild>
  </ItemGroup>
</Project>