<?xml version="1.0" encoding="utf-8"?>
<Project ToolsVersion="4.0" xmlns="http://schemas.microsoft.com/developer/msbuild/2003">
  <ItemGroup>
    <Filter Include="Source Files">
      <UniqueIdentifier>{12457dc1-d0e0-415c-9c99-ffd1636ddf73}</UniqueIdentifier>
      <Extensions>cpp;c;cxx;rc;def;r;odl;idl;hpj;bat</Extensions>
    </Filter>
    <Filter Include="Header Files">
      <UniqueIdentifier>{000971fe-cb95-4df8-b2f7-9d69627ceae2}</UniqueIdentifier>
      <Extensions>h;hpp;hxx;hm;inl</Extensions>
    </Filter>
    <Filter Include="moc">
      <UniqueIdentifier>{959b313a-4435-4352-9bf9-6b0fd95d2f06}</UniqueIdentifier>
    </Filter>
  </ItemGroup>
  <ItemGroup>
    <ClCompile Include="DataFusion.cpp">
      <Filter>Source Files</Filter>
    </ClCompile>
    <ClCompile Include="DataFusionDlg.cpp">
      <Filter>Source Files</Filter>
    </ClCompile>
    <ClCompile Include="DataFusionTests.cpp">
      <Filter>Source Files</Filter>
    </ClCompile>
    <ClCompile Include="DataFusionTools.cpp">
      <Filter>Source Files</Filter>
    </ClCompile>
    <ClCompile Include="DatasetPage.cpp">
      <Filter>Source Files</Filter>
    </ClCompile>
    <ClCompile Include="FlickerControls.cpp">
      <Filter>Source Files</Filter>
    </ClCompile>
    <ClCompile Include="FusionAlgorithmInputsPage.cpp">
      <Filter>Source Files</Filter>
    </ClCompile>
    <ClCompile Include="FusionLayersSelectPage.cpp">
      <Filter>Source Files</Filter>
    </ClCompile>
    <ClCompile Include="FusionPage.cpp">
      <Filter>Source Files</Filter>
    </ClCompile>
    <ClCompile Include="ImageAdjustWidget.cpp">
      <Filter>Source Files</Filter>
    </ClCompile>
    <ClCompile Include="ModuleManager.cpp">
      <Filter>Source Files</Filter>
    </ClCompile>
    <ClCompile Include="TiePointPage.cpp">
      <Filter>Source Files</Filter>
    </ClCompile>
    <ClCompile Include="$(BuildDir)\Moc\$(ProjectName)\moc_DataFusionDlg.cpp">
      <Filter>moc</Filter>
    </ClCompile>
    <ClCompile Include="$(BuildDir)\Moc\$(ProjectName)\moc_DatasetPage.cpp">
      <Filter>moc</Filter>
    </ClCompile>
    <ClCompile Include="$(BuildDir)\Moc\$(ProjectName)\moc_FusionAlgorithmInputsPage.cpp">
      <Filter>moc</Filter>
    </ClCompile>
    <ClCompile Include="$(BuildDir)\Moc\$(ProjectName)\moc_FusionLayersSelectPage.cpp">
      <Filter>moc</Filter>
    </ClCompile>
    <ClCompile Include="$(BuildDir)\Moc\$(ProjectName)\moc_FusionPage.cpp">
      <Filter>moc</Filter>
    </ClCompile>
    <ClCompile Include="$(BuildDir)\Moc\$(ProjectName)\moc_ImageAdjustWidget.cpp">
      <Filter>moc</Filter>
    </ClCompile>
    <ClCompile Include="$(BuildDir)\Moc\$(ProjectName)\moc_TiePointPage.cpp">
      <Filter>moc</Filter>
    </ClCompile>
  </ItemGroup>
  <ItemGroup>
    <ClInclude Include="DataFusion.h">
      <Filter>Header Files</Filter>
    </ClInclude>
    <ClInclude Include="DataFusionTests.h">
      <Filter>Header Files</Filter>
    </ClInclude>
    <ClInclude Include="DataFusionTools.h">
      <Filter>Header Files</Filter>
    </ClInclude>
    <ClInclude Include="FlickerControls.h">
      <Filter>Header Files</Filter>
    </ClInclude>
    <ClInclude Include="FusionException.h">
      <Filter>Header Files</Filter>
    </ClInclude>
    <ClInclude Include="Matrix.h">
      <Filter>Header Files</Filter>
    </ClInclude>
    <ClInclude Include="Poly2D.h">
      <Filter>Header Files</Filter>
    </ClInclude>
    <ClInclude Include="Polywarp.h">
      <Filter>Header Files</Filter>
    </ClInclude>
    <ClInclude Include="Vector.h">
      <Filter>Header Files</Filter>
    </ClInclude>
  </ItemGroup>
  <ItemGroup>
    <CustomBuild Include="DataFusionDlg.h">
      <Filter>Header Files</Filter>
    </CustomBuild>
    <CustomBuild Include="DatasetPage.h">
      <Filter>Header Files</Filter>
    </CustomBuild>
    <CustomBuild Include="FusionAlgorithmInputsPage.h">
      <Filter>Header Files</Filter>
    </CustomBuild>
    <CustomBuild Include="FusionLayersSelectPage.h">
      <Filter>Header Files</Filter>
    </CustomBuild>
    <CustomBuild Include="FusionPage.h">
      <Filter>Header Files</Filter>
    </CustomBuild>
    <CustomBuild Include="ImageAdjustWidget.h">
      <Filter>Header Files</Filter>
    </CustomBuild>
    <CustomBuild Include="TiePointPage.h">
      <Filter>Header Files</Filter>
    </CustomBuild>
  </ItemGroup>
</Project>