<?xml version="1.0" encoding="utf-8"?>
<Project ToolsVersion="4.0" xmlns="http://schemas.microsoft.com/developer/msbuild/2003">
  <ItemGroup>
    <Filter Include="Source Files">
      <UniqueIdentifier>{58f50267-ed2f-422f-8a76-70c54074f449}</UniqueIdentifier>
      <Extensions>cpp;c;cxx;rc;def;r;odl;idl;hpj;bat</Extensions>
    </Filter>
    <Filter Include="Header Files">
      <UniqueIdentifier>{76b1c038-9996-4ad9-b475-dadf2ac240d3}</UniqueIdentifier>
      <Extensions>h;hpp;hxx;hm;inl</Extensions>
    </Filter>
    <Filter Include="moc">
      <UniqueIdentifier>{f3908c80-2ac1-44a8-8bb6-b151058440cd}</UniqueIdentifier>
      <Extensions>ico;cur;bmp;dlg;rc2;rct;bin;rgs;gif;jpg;jpeg;jpe</Extensions>
    </Filter>
  </ItemGroup>
  <ItemGroup>
    <ClCompile Include="DateTimeReaderWriter.cpp">
      <Filter>Source Files</Filter>
    </ClCompile>
    <ClCompile Include="GcpPointReaderWriter.cpp">
      <Filter>Source Files</Filter>
    </ClCompile>
    <ClCompile Include="IceExporterShell.cpp">
      <Filter>Source Files</Filter>
    </ClCompile>
    <ClCompile Include="IceImporterShell.cpp">
      <Filter>Source Files</Filter>
    </ClCompile>
    <ClCompile Include="IcePseudocolorLayerExporter.cpp">
      <Filter>Source Files</Filter>
    </ClCompile>
    <ClCompile Include="IcePseudocolorLayerImporter.cpp">
      <Filter>Source Files</Filter>
    </ClCompile>
    <ClCompile Include="IceRasterElementExporter.cpp">
      <Filter>Source Files</Filter>
    </ClCompile>
    <ClCompile Include="IceRasterElementImporter.cpp">
      <Filter>Source Files</Filter>
    </ClCompile>
    <ClCompile Include="IceReader.cpp">
      <Filter>Source Files</Filter>
    </ClCompile>
    <ClCompile Include="IceUtilities.cpp">
      <Filter>Source Files</Filter>
    </ClCompile>
    <ClCompile Include="IceWriter.cpp">
      <Filter>Source Files</Filter>
    </ClCompile>
    <ClCompile Include="ModuleManager.cpp">
      <Filter>Source Files</Filter>
    </ClCompile>
    <ClCompile Include="OptionsIceExporter.cpp">
      <Filter>Source Files</Filter>
    </ClCompile>
    <ClCompile Include="StatisticsReaderWriter.cpp">
      <Filter>Source Files</Filter>
    </ClCompile>
    <ClCompile Include="$(BuildDir)\Moc\$(ProjectName)\moc_OptionsIceExporter.cpp">
      <Filter>moc</Filter>
    </ClCompile>
  </ItemGroup>
  <ItemGroup>
    <ClInclude Include="DateTimeReaderWriter.h">
      <Filter>Header Files</Filter>
    </ClInclude>
    <ClInclude Include="GcpPointReaderWriter.h">
      <Filter>Header Files</Filter>
    </ClInclude>
    <ClInclude Include="IceExporterShell.h">
      <Filter>Header Files</Filter>
    </ClInclude>
    <ClInclude Include="IceImporterShell.h">
      <Filter>Header Files</Filter>
    </ClInclude>
    <ClInclude Include="IcePseudocolorLayerExporter.h">
      <Filter>Header Files</Filter>
    </ClInclude>
    <ClInclude Include="IcePseudocolorLayerImporter.h">
      <Filter>Header Files</Filter>
    </ClInclude>
    <ClInclude Include="IceRasterElementExporter.h">
      <Filter>Header Files</Filter>
    </ClInclude>
    <ClInclude Include="IceRasterElementImporter.h">
      <Filter>Header Files</Filter>
    </ClInclude>
    <ClInclude Include="IceReader.h">
      <Filter>Header Files</Filter>
    </ClInclude>
    <ClInclude Include="IceUtilities.h">
      <Filter>Header Files</Filter>
    </ClInclude>
    <ClInclude Include="IceWriter.h">
      <Filter>Header Files</Filter>
    </ClInclude>
    <ClInclude Include="StatisticsReaderWriter.h">
      <Filter>Header Files</Filter>
    </ClInclude>
  </ItemGroup>
  <ItemGroup>
    <CustomBuild Include="OptionsIceExporter.h">
      <Filter>Header Files</Filter>
    </CustomBuild>
  </ItemGroup>
</Project>