<?xml version="1.0" encoding="utf-8"?>
<Project ToolsVersion="4.0" xmlns="http://schemas.microsoft.com/developer/msbuild/2003">
  <ItemGroup>
    <Filter Include="Source Files">
      <UniqueIdentifier>{23bacff9-e353-4037-8897-01233987e09d}</UniqueIdentifier>
      <Extensions>cpp;c;cxx;def;odl;idl;hpj;bat;asm;asmx</Extensions>
    </Filter>
    <Filter Include="Header Files">
      <UniqueIdentifier>{22e6a00b-3da5-44b0-8a3f-863c346abe1f}</UniqueIdentifier>
      <Extensions>h;hpp;hxx;hm;inl;inc;xsd</Extensions>
    </Filter>
    <Filter Include="moc">
      <UniqueIdentifier>{8994f4b0-a40a-4b98-9fd5-8bf970c1c501}</UniqueIdentifier>
    </Filter>
  </ItemGroup>
  <ItemGroup>
    <ClCompile Include="ModuleManager.cpp">
      <Filter>Source Files</Filter>
    </ClCompile>
    <ClCompile Include="NitfAcftaParser.cpp">
      <Filter>Source Files</Filter>
    </ClCompile>
    <ClCompile Include="NitfAcftbParser.cpp">
      <Filter>Source Files</Filter>
    </ClCompile>
    <ClCompile Include="NitfAimidaParser.cpp">
      <Filter>Source Files</Filter>
    </ClCompile>
    <ClCompile Include="NitfAimidbParser.cpp">
      <Filter>Source Files</Filter>
    </ClCompile>
    <ClCompile Include="NitfBandsaParser.cpp">
      <Filter>Source Files</Filter>
    </ClCompile>
    <ClCompile Include="NitfBandsbParser.cpp">
      <Filter>Source Files</Filter>
    </ClCompile>
    <ClCompile Include="NitfBlockaParser.cpp">
      <Filter>Source Files</Filter>
    </ClCompile>
    <ClCompile Include="NitfCmetaaParser.cpp">
      <Filter>Source Files</Filter>
    </ClCompile>
    <ClCompile Include="NitfExoptaParser.cpp">
      <Filter>Source Files</Filter>
    </ClCompile>
    <ClCompile Include="NitfExpltaParser.cpp">
      <Filter>Source Files</Filter>
    </ClCompile>
    <ClCompile Include="NitfExpltbParser.cpp">
      <Filter>Source Files</Filter>
    </ClCompile>
    <ClCompile Include="NitfIchipbParser.cpp">
      <Filter>Source Files</Filter>
    </ClCompile>
    <ClCompile Include="NitfMensraParser.cpp">
      <Filter>Source Files</Filter>
    </ClCompile>
    <ClCompile Include="NitfMensrbParser.cpp">
      <Filter>Source Files</Filter>
    </ClCompile>
    <ClCompile Include="NitfMod26aParser.cpp">
      <Filter>Source Files</Filter>
    </ClCompile>
    <ClCompile Include="NitfMpd26aParser.cpp">
      <Filter>Source Files</Filter>
    </ClCompile>
    <ClCompile Include="NitfPatchaParser.cpp">
      <Filter>Source Files</Filter>
    </ClCompile>
    <ClCompile Include="NitfPatchbParser.cpp">
      <Filter>Source Files</Filter>
    </ClCompile>
    <ClCompile Include="NitfRadsdaParser.cpp">
      <Filter>Source Files</Filter>
    </ClCompile>
    <ClCompile Include="NitfReflnaParser.cpp">
      <Filter>Source Files</Filter>
    </ClCompile>
    <ClCompile Include="NitfRpc00aParser.cpp">
      <Filter>Source Files</Filter>
    </ClCompile>
    <ClCompile Include="NitfRpc00bParser.cpp">
      <Filter>Source Files</Filter>
    </ClCompile>
    <ClCompile Include="NitfRpcParser.cpp">
      <Filter>Source Files</Filter>
    </ClCompile>
    <ClCompile Include="NitfSectgaParser.cpp">
      <Filter>Source Files</Filter>
    </ClCompile>
    <ClCompile Include="NitfSensraParser.cpp">
      <Filter>Source Files</Filter>
    </ClCompile>
    <ClCompile Include="NitfStdidbParser.cpp">
      <Filter>Source Files</Filter>
    </ClCompile>
    <ClCompile Include="NitfStdidcParser.cpp">
      <Filter>Source Files</Filter>
    </ClCompile>
    <ClCompile Include="NitfUse00aParser.cpp">
      <Filter>Source Files</Filter>
    </ClCompile>
    <ClCompile Include="NitfUse26aParser.cpp">
      <Filter>Source Files</Filter>
    </ClCompile>
    <ClCompile Include="NitfSensrbParser.cpp">
      <Filter>Source Files</Filter>
    </ClCompile>
    <ClCompile Include="EngrdaWidget.cpp">
      <Filter>Source Files</Filter>
    </ClCompile>
    <ClCompile Include="NitfEngrdaParser.cpp">
      <Filter>Source Files</Filter>
    </ClCompile>
    <ClCompile Include="$(BuildDir)\Moc\$(ProjectName)\moc_EngrdaWidget.cpp">
      <Filter>moc</Filter>
    </ClCompile>
  </ItemGroup>
  <ItemGroup>
    <ClInclude Include="NitfAcftaParser.h">
      <Filter>Header Files</Filter>
    </ClInclude>
    <ClInclude Include="NitfAcftbParser.h">
      <Filter>Header Files</Filter>
    </ClInclude>
    <ClInclude Include="NitfAimidaParser.h">
      <Filter>Header Files</Filter>
    </ClInclude>
    <ClInclude Include="NitfAimidbParser.h">
      <Filter>Header Files</Filter>
    </ClInclude>
    <ClInclude Include="NitfBandsaParser.h">
      <Filter>Header Files</Filter>
    </ClInclude>
    <ClInclude Include="NitfBandsbParser.h">
      <Filter>Header Files</Filter>
    </ClInclude>
    <ClInclude Include="NitfBlockaParser.h">
      <Filter>Header Files</Filter>
    </ClInclude>
    <ClInclude Include="NitfCmetaaParser.h">
      <Filter>Header Files</Filter>
    </ClInclude>
    <ClInclude Include="NitfExoptaParser.h">
      <Filter>Header Files</Filter>
    </ClInclude>
    <ClInclude Include="NitfExpltaParser.h">
      <Filter>Header Files</Filter>
    </ClInclude>
    <ClInclude Include="NitfExpltbParser.h">
      <Filter>Header Files</Filter>
    </ClInclude>
    <ClInclude Include="NitfIchipbParser.h">
      <Filter>Header Files</Filter>
    </ClInclude>
    <ClInclude Include="NitfMensraParser.h">
      <Filter>Header Files</Filter>
    </ClInclude>
    <ClInclude Include="NitfMensrbParser.h">
      <Filter>Header Files</Filter>
    </ClInclude>
    <ClInclude Include="NitfMod26aParser.h">
      <Filter>Header Files</Filter>
    </ClInclude>
    <ClInclude Include="NitfMpd26aParser.h">
      <Filter>Header Files</Filter>
    </ClInclude>
    <ClInclude Include="NitfPatchaParser.h">
      <Filter>Header Files</Filter>
    </ClInclude>
    <ClInclude Include="NitfPatchbParser.h">
      <Filter>Header Files</Filter>
    </ClInclude>
    <ClInclude Include="NitfRadsdaParser.h">
      <Filter>Header Files</Filter>
    </ClInclude>
    <ClInclude Include="NitfReflnaParser.h">
      <Filter>Header Files</Filter>
    </ClInclude>
    <ClInclude Include="NitfRpc00aParser.h">
      <Filter>Header Files</Filter>
    </ClInclude>
    <ClInclude Include="NitfRpc00bParser.h">
      <Filter>Header Files</Filter>
    </ClInclude>
    <ClInclude Include="NitfRpcParser.h">
      <Filter>Header Files</Filter>
    </ClInclude>
    <ClInclude Include="NitfSectgaParser.h">
      <Filter>Header Files</Filter>
    </ClInclude>
    <ClInclude Include="NitfSensraParser.h">
      <Filter>Header Files</Filter>
    </ClInclude>
    <ClInclude Include="NitfStdidbParser.h">
      <Filter>Header Files</Filter>
    </ClInclude>
    <ClInclude Include="NitfStdidcParser.h">
      <Filter>Header Files</Filter>
    </ClInclude>
    <ClInclude Include="NitfUse00aParser.h">
      <Filter>Header Files</Filter>
    </ClInclude>
    <ClInclude Include="NitfUse26aParser.h">
      <Filter>Header Files</Filter>
    </ClInclude>
    <ClInclude Include="NitfSensrbParser.h">
      <Filter>Header Files</Filter>
    </ClInclude>
    <ClInclude Include="NitfEngrdaParser.h">
      <Filter>Header Files</Filter>
    </ClInclude>
  </ItemGroup>
  <ItemGroup>
    <CustomBuild Include="EngrdaWidget.h">
      <Filter>Header Files</Filter>
    </CustomBuild>
  </ItemGroup>
</Project>