<?xml version="1.0" encoding="utf-8"?>
<Project ToolsVersion="4.0" xmlns="http://schemas.microsoft.com/developer/msbuild/2003">
  <ItemGroup>
    <Filter Include="Source Files">
      <UniqueIdentifier>{13ca0669-7e5a-4994-9998-424883367e1b}</UniqueIdentifier>
    </Filter>
    <Filter Include="Header Files">
      <UniqueIdentifier>{d7d5aa56-5020-4240-ae56-707ec8f0230a}</UniqueIdentifier>
    </Filter>
    <Filter Include="moc">
      <UniqueIdentifier>{d9da51b4-3f19-4dc1-a0c9-1a54559fd6e3}</UniqueIdentifier>
    </Filter>
  </ItemGroup>
  <ItemGroup>
    <ClCompile Include="ModuleManager.cpp">
      <Filter>Source Files</Filter>
    </ClCompile>
    <ClCompile Include="OpticksCallbacks.cpp">
      <Filter>Source Files</Filter>
    </ClCompile>
    <ClCompile Include="OpticksMethods.cpp">
      <Filter>Source Files</Filter>
    </ClCompile>
    <ClCompile Include="XmlRpc.cpp">
      <Filter>Source Files</Filter>
    </ClCompile>
    <ClCompile Include="XmlRpcCallback.cpp">
      <Filter>Source Files</Filter>
    </ClCompile>
    <ClCompile Include="XmlRpcServer.cpp">
      <Filter>Source Files</Filter>
    </ClCompile>
    <ClCompile Include="$(BuildDir)\Moc\$(ProjectName)\moc_XmlRpcCallback.cpp">
      <Filter>moc</Filter>
    </ClCompile>
    <ClCompile Include="$(BuildDir)\Moc\$(ProjectName)\moc_XmlRpcServer.cpp">
      <Filter>moc</Filter>
    </ClCompile>
  </ItemGroup>
  <ItemGroup>
    <ClInclude Include="IntrospectionMethods.h">
      <Filter>Header Files</Filter>
    </ClInclude>
    <ClInclude Include="OpticksCallbacks.h">
      <Filter>Header Files</Filter>
    </ClInclude>
    <ClInclude Include="OpticksMethods.h">
      <Filter>Header Files</Filter>
    </ClInclude>
    <ClInclude Include="XmlRpc.h">
      <Filter>Header Files</Filter>
    </ClInclude>
    <ClInclude Include="XmlRpcArrayParam.h">
      <Filter>Header Files</Filter>
    </ClInclude>
    <ClInclude Include="XmlRpcParam.h">
      <Filter>Header Files</Filter>
    </ClInclude>
    <ClInclude Include="XmlRpcStructParam.h">
      <Filter>Header Files</Filter>
    </ClInclude>
  </ItemGroup>
  <ItemGroup>
    <CustomBuild Include="XmlRpcCallback.h">
      <Filter>Header Files</Filter>
    </CustomBuild>
    <CustomBuild Include="XmlRpcServer.h">
      <Filter>Header Files</Filter>
    </CustomBuild>
  </ItemGroup>
</Project>