<?xml version="1.0" encoding="utf-8"?>
<Project ToolsVersion="4.0" xmlns="http://schemas.microsoft.com/developer/msbuild/2003">
  <ItemGroup>
    <Filter Include="Source Files">
      <UniqueIdentifier>{c3a60cd4-8ec9-474f-bbd6-eea421005319}</UniqueIdentifier>
      <Extensions>cpp;c;cxx;rc;def;r;odl;idl;hpj;bat</Extensions>
    </Filter>
    <Filter Include="Header Files">
      <UniqueIdentifier>{680fd965-0bff-4aba-92d9-dc8cefe2bd06}</UniqueIdentifier>
      <Extensions>h;hpp;hxx;hm;inl</Extensions>
    </Filter>
  </ItemGroup>
  <ItemGroup>
    <ClCompile Include="ModuleManager.cpp">
      <Filter>Source Files</Filter>
    </ClCompile>
    <ClCompile Include="Tutorial1.cpp">
      <Filter>Source Files</Filter>
    </ClCompile>
    <ClCompile Include="Tutorial2.cpp">
      <Filter>Source Files</Filter>
    </ClCompile>
    <ClCompile Include="Tutorial3.cpp">
      <Filter>Source Files</Filter>
    </ClCompile>
    <ClCompile Include="Tutorial4.cpp">
      <Filter>Source Files</Filter>
    </ClCompile>
    <ClCompile Include="Tutorial5.cpp">
      <Filter>Source Files</Filter>
    </ClCompile>
  </ItemGroup>
  <ItemGroup>
    <ClInclude Include="Tutorial1.h">
      <Filter>Header Files</Filter>
    </ClInclude>
    <ClInclude Include="Tutorial2.h">
      <Filter>Header Files</Filter>
    </ClInclude>
    <ClInclude Include="Tutorial3.h">
      <Filter>Header Files</Filter>
    </ClInclude>
    <ClInclude Include="Tutorial4.h">
      <Filter>Header Files</Filter>
    </ClInclude>
    <ClInclude Include="Tutorial5.h">
      <Filter>Header Files</Filter>
    </ClInclude>
  </ItemGroup>
</Project>