<?xml version="1.0" encoding="utf-8"?>
<Project ToolsVersion="4.0" xmlns="http://schemas.microsoft.com/developer/msbuild/2003">
  <ItemGroup>
    <Filter Include="Source Files">
      <UniqueIdentifier>{7c8cf71d-62db-4e24-8b49-ecc7508af303}</UniqueIdentifier>
      <Extensions>cpp;c;cxx;rc;def;r;odl;idl;hpj;bat</Extensions>
    </Filter>
    <Filter Include="Header Files">
      <UniqueIdentifier>{03d5d629-7b59-42aa-bd23-c015fabae832}</UniqueIdentifier>
      <Extensions>h;hpp;hxx;hm;inl</Extensions>
    </Filter>
  </ItemGroup>
  <ItemGroup>
    <ClCompile Include="GdalImporter.cpp">
      <Filter>Source Files</Filter>
    </ClCompile>
    <ClCompile Include="GdalRasterPager.cpp">
      <Filter>Source Files</Filter>
    </ClCompile>
    <ClCompile Include="ModuleManager.cpp">
      <Filter>Source Files</Filter>
    </ClCompile>
  </ItemGroup>
  <ItemGroup>
    <ClInclude Include="GdalImporter.h">
      <Filter>Header Files</Filter>
    </ClInclude>
    <ClInclude Include="GdalRasterPager.h">
      <Filter>Header Files</Filter>
    </ClInclude>
  </ItemGroup>
</Project>