<?xml version="1.0" encoding="utf-8"?>
<Project ToolsVersion="4.0" xmlns="http://schemas.microsoft.com/developer/msbuild/2003">
  <ItemGroup>
    <Filter Include="Source Files">
      <UniqueIdentifier>{4FC737F1-C7A5-4376-A066-2A32D752A2FF}</UniqueIdentifier>
      <Extensions>cpp;c;cxx;def;odl;idl;hpj;bat;asm;asmx</Extensions>
    </Filter>
    <Filter Include="Header Files">
      <UniqueIdentifier>{93995380-89BD-4b04-88EB-625FBE52EBFB}</UniqueIdentifier>
      <Extensions>h;hpp;hxx;hm;inl;inc;xsd</Extensions>
    </Filter>
    <Filter Include="moc">
      <UniqueIdentifier>{7b8c2299-4772-41e7-86f0-55fa0bd4fce8}</UniqueIdentifier>
    </Filter>
  </ItemGroup>
  <ItemGroup>
    <ClCompile Include="ModuleManager.cpp">
      <Filter>Source Files</Filter>
    </ClCompile>
    <ClCompile Include="NitfExporter.cpp">
      <Filter>Source Files</Filter>
    </ClCompile>
    <ClCompile Include="NitfImporter.cpp">
      <Filter>Source Files</Filter>
    </ClCompile>
    <ClCompile Include="NitfPager.cpp">
      <Filter>Source Files</Filter>
    </ClCompile>
    <ClCompile Include="NitfUnknownTreParser.cpp">
      <Filter>Source Files</Filter>
    </ClCompile>
    <ClCompile Include="OptionsNitfExporter.cpp">
      <Filter>Source Files</Filter>
    </ClCompile>
    <ClCompile Include="OssimAppMemorySource.cpp">
      <Filter>Source Files</Filter>
    </ClCompile>
    <ClCompile Include="OssimServices.cpp">
      <Filter>Source Files</Filter>
    </ClCompile>
    <ClCompile Include="RpcGeoreference.cpp">
      <Filter>Source Files</Filter>
    </ClCompile>
    <ClCompile Include="$(BuildDir)\Moc\$(ProjectName)\moc_OptionsNitfExporter.cpp">
      <Filter>moc</Filter>
    </ClCompile>
    <ClCompile Include="RpcGui.cpp">
      <Filter>Source Files</Filter>
    </ClCompile>
    <ClCompile Include="$(BuildDir)\Moc\$(ProjectName)\moc_RpcGui.cpp">
      <Filter>moc</Filter>
    </ClCompile>
    <ClCompile Include="NitfPropertiesManager.cpp">
      <Filter>Source Files</Filter>
    </ClCompile>
  </ItemGroup>
  <ItemGroup>
    <ClInclude Include="NitfExporter.h">
      <Filter>Header Files</Filter>
    </ClInclude>
    <ClInclude Include="NitfImporter.h">
      <Filter>Header Files</Filter>
    </ClInclude>
    <ClInclude Include="NitfPager.h">
      <Filter>Header Files</Filter>
    </ClInclude>
    <ClInclude Include="NitfUnknownTreParser.h">
      <Filter>Header Files</Filter>
    </ClInclude>
    <ClInclude Include="OssimAppMemorySource.h">
      <Filter>Header Files</Filter>
    </ClInclude>
    <ClInclude Include="RpcGeoreference.h">
      <Filter>Header Files</Filter>
    </ClInclude>
    <ClInclude Include="NitfPropertiesManager.h">
      <Filter>Header Files</Filter>
    </ClInclude>
  </ItemGroup>
  <ItemGroup>
    <CustomBuild Include="OptionsNitfExporter.h">
      <Filter>Header Files</Filter>
    </CustomBuild>
    <CustomBuild Include="RpcGui.h">
      <Filter>Header Files</Filter>
    </CustomBuild>
  </ItemGroup>
</Project>