<?xml version="1.0" encoding="utf-8"?>
<Project ToolsVersion="4.0" xmlns="http://schemas.microsoft.com/developer/msbuild/2003">
  <ItemGroup>
    <Filter Include="Source Files">
      <UniqueIdentifier>{a7bdf9e1-1bff-4886-a797-cc7bfa3fd972}</UniqueIdentifier>
      <Extensions>cpp;c;cxx;rc;def;r;odl;idl;hpj;bat</Extensions>
    </Filter>
    <Filter Include="Header Files">
      <UniqueIdentifier>{4d2547c4-1aec-465c-9456-183bb016872d}</UniqueIdentifier>
      <Extensions>h;hpp;hxx;hm;inl</Extensions>
    </Filter>
  </ItemGroup>
  <ItemGroup>
    <ClCompile Include="ConnectionManager.cpp">
      <Filter>Source Files</Filter>
    </ClCompile>
    <ClCompile Include="CoreModuleDescriptor.cpp">
      <Filter>Source Files</Filter>
    </ClCompile>
    <ClCompile Include="DynamicModuleImp.cpp">
      <Filter>Source Files</Filter>
    </ClCompile>
    <ClCompile Include="ModuleDescriptor.cpp">
      <Filter>Source Files</Filter>
    </ClCompile>
    <ClCompile Include="PlugInArgImp.cpp">
      <Filter>Source Files</Filter>
    </ClCompile>
    <ClCompile Include="PlugInArgListImp.cpp">
      <Filter>Source Files</Filter>
    </ClCompile>
    <ClCompile Include="PlugInDescriptorImp.cpp">
      <Filter>Source Files</Filter>
    </ClCompile>
    <ClCompile Include="PlugInManagerServicesImp.cpp">
      <Filter>Source Files</Filter>
    </ClCompile>
  </ItemGroup>
  <ItemGroup>
    <ClInclude Include="ConnectionManager.h">
      <Filter>Header Files</Filter>
    </ClInclude>
    <ClInclude Include="CoreModuleDescriptor.h">
      <Filter>Header Files</Filter>
    </ClInclude>
    <ClInclude Include="DynamicModuleImp.h">
      <Filter>Header Files</Filter>
    </ClInclude>
    <ClInclude Include="ModuleDescriptor.h">
      <Filter>Header Files</Filter>
    </ClInclude>
    <ClInclude Include="PlugInArgImp.h">
      <Filter>Header Files</Filter>
    </ClInclude>
    <ClInclude Include="PlugInArgListImp.h">
      <Filter>Header Files</Filter>
    </ClInclude>
    <ClInclude Include="PlugInDescriptorImp.h">
      <Filter>Header Files</Filter>
    </ClInclude>
    <ClInclude Include="PlugInManagerServicesImp.h">
      <Filter>Header Files</Filter>
    </ClInclude>
  </ItemGroup>
</Project>