<?xml version="1.0" encoding="utf-8"?>
<Project ToolsVersion="4.0" xmlns="http://schemas.microsoft.com/developer/msbuild/2003">
  <ItemGroup>
    <Filter Include="Source Files">
      <UniqueIdentifier>{82b97a8a-dec4-4f24-a94d-41843d3216c2}</UniqueIdentifier>
      <Extensions>cpp;c;cxx;rc;def;r;odl;idl;hpj;bat</Extensions>
    </Filter>
    <Filter Include="Header Files">
      <UniqueIdentifier>{f9e76e27-7b54-4a90-9ae7-18d6d3b4e38f}</UniqueIdentifier>
      <Extensions>h;hpp;hxx;hm;inl</Extensions>
    </Filter>
    <Filter Include="uic">
      <UniqueIdentifier>{322a2d9e-4970-465b-8fee-632e963f059c}</UniqueIdentifier>
    </Filter>
    <Filter Include="moc">
      <UniqueIdentifier>{a2a313ee-2c2d-48e6-a1c0-20d8283ac02c}</UniqueIdentifier>
    </Filter>
  </ItemGroup>
  <ItemGroup>
    <ClCompile Include="ConvolutionFilterShell.cpp">
      <Filter>Source Files</Filter>
    </ClCompile>
    <ClCompile Include="ConvolutionMatrixEditor.cpp">
      <Filter>Source Files</Filter>
    </ClCompile>
    <ClCompile Include="ConvolutionMatrixWidget.cpp">
      <Filter>Source Files</Filter>
    </ClCompile>
    <ClCompile Include="ModuleManager.cpp">
      <Filter>Source Files</Filter>
    </ClCompile>
    <ClCompile Include="$(BuildDir)\Moc\$(ProjectName)\moc_ConvolutionMatrixWidget.cpp">
      <Filter>moc</Filter>
    </ClCompile>
    <ClCompile Include="MorphologicalFilter.cpp">
      <Filter>Source Files</Filter>
    </ClCompile>
  </ItemGroup>
  <ItemGroup>
    <ClInclude Include="ConvolutionFilterShell.h">
      <Filter>Header Files</Filter>
    </ClInclude>
    <ClInclude Include="ConvolutionMatrixEditor.h">
      <Filter>Header Files</Filter>
    </ClInclude>
    <ClInclude Include="$(BuildDir)\Uic\$(ProjectName)\ui_ConvolutionMatrixWidget.h">
      <Filter>uic</Filter>
    </ClInclude>
    <ClInclude Include="MorphologicalFilter.h">
      <Filter>Header Files</Filter>
    </ClInclude>
  </ItemGroup>
  <ItemGroup>
    <CustomBuild Include="ConvolutionMatrixWidget.h">
      <Filter>Header Files</Filter>
    </CustomBuild>
    <CustomBuild Include="ConvolutionMatrixWidget.ui">
      <Filter>uic</Filter>
    </CustomBuild>
  </ItemGroup>
</Project>