<?xml version="1.0" encoding="utf-8"?>
<Project ToolsVersion="4.0" xmlns="http://schemas.microsoft.com/developer/msbuild/2003">
  <ItemGroup>
    <Filter Include="Source Files">
      <UniqueIdentifier>{35f4b1db-1386-4f75-8bee-58ec60b7bd78}</UniqueIdentifier>
      <Extensions>cpp;c;cxx;rc;def;r;odl;idl;hpj;bat</Extensions>
    </Filter>
    <Filter Include="Header Files">
      <UniqueIdentifier>{7820de1f-79d2-47a2-bd3e-666ba282fcc7}</UniqueIdentifier>
      <Extensions>h;hpp;hxx;hm;inl</Extensions>
    </Filter>
    <Filter Include="Rationale">
      <UniqueIdentifier>{db238df8-65bd-477d-8ba7-0c28ee6e9854}</UniqueIdentifier>
    </Filter>
  </ItemGroup>
  <ItemGroup>
    <ClCompile Include="AnnotationElementAdapter.cpp">
      <Filter>Source Files</Filter>
    </ClCompile>
    <ClCompile Include="AnnotationElementImp.cpp">
      <Filter>Source Files</Filter>
    </ClCompile>
    <ClCompile Include="AnyAdapter.cpp">
      <Filter>Source Files</Filter>
    </ClCompile>
    <ClCompile Include="AnyImp.cpp">
      <Filter>Source Files</Filter>
    </ClCompile>
    <ClCompile Include="AoiElementAdapter.cpp">
      <Filter>Source Files</Filter>
    </ClCompile>
    <ClCompile Include="AoiElementImp.cpp">
      <Filter>Source Files</Filter>
    </ClCompile>
    <ClCompile Include="BitMaskImp.cpp">
      <Filter>Source Files</Filter>
    </ClCompile>
    <ClCompile Include="ClassificationAdapter.cpp">
      <Filter>Source Files</Filter>
    </ClCompile>
    <ClCompile Include="ClassificationImp.cpp">
      <Filter>Source Files</Filter>
    </ClCompile>
    <ClCompile Include="ConvertToBilPage.cpp">
      <Filter>Source Files</Filter>
    </ClCompile>
    <ClCompile Include="ConvertToBilPager.cpp">
      <Filter>Source Files</Filter>
    </ClCompile>
    <ClCompile Include="ConvertToBipPage.cpp">
      <Filter>Source Files</Filter>
    </ClCompile>
    <ClCompile Include="ConvertToBipPager.cpp">
      <Filter>Source Files</Filter>
    </ClCompile>
    <ClCompile Include="ConvertToBsqPage.cpp">
      <Filter>Source Files</Filter>
    </ClCompile>
    <ClCompile Include="ConvertToBsqPager.cpp">
      <Filter>Source Files</Filter>
    </ClCompile>
    <ClCompile Include="DataDescriptorAdapter.cpp">
      <Filter>Source Files</Filter>
    </ClCompile>
    <ClCompile Include="DataDescriptorImp.cpp">
      <Filter>Source Files</Filter>
    </ClCompile>
    <ClCompile Include="DataElementAdapter.cpp">
      <Filter>Source Files</Filter>
    </ClCompile>
    <ClCompile Include="DataElementGroupAdapter.cpp">
      <Filter>Source Files</Filter>
    </ClCompile>
    <ClCompile Include="DataElementGroupImp.cpp">
      <Filter>Source Files</Filter>
    </ClCompile>
    <ClCompile Include="DataElementImp.cpp">
      <Filter>Source Files</Filter>
    </ClCompile>
    <ClCompile Include="DataRequestImp.cpp">
      <Filter>Source Files</Filter>
    </ClCompile>
    <ClCompile Include="EndianSwapPage.cpp">
      <Filter>Source Files</Filter>
    </ClCompile>
    <ClCompile Include="FileDescriptorAdapter.cpp">
      <Filter>Source Files</Filter>
    </ClCompile>
    <ClCompile Include="FileDescriptorImp.cpp">
      <Filter>Source Files</Filter>
    </ClCompile>
    <ClCompile Include="GcpListAdapter.cpp">
      <Filter>Source Files</Filter>
    </ClCompile>
    <ClCompile Include="GcpListImp.cpp">
      <Filter>Source Files</Filter>
    </ClCompile>
    <ClCompile Include="GraphicElementAdapter.cpp">
      <Filter>Source Files</Filter>
    </ClCompile>
    <ClCompile Include="GraphicElementImp.cpp">
      <Filter>Source Files</Filter>
    </ClCompile>
    <ClCompile Include="InMemoryPage.cpp">
      <Filter>Source Files</Filter>
    </ClCompile>
    <ClCompile Include="InMemoryPager.cpp">
      <Filter>Source Files</Filter>
    </ClCompile>
    <ClCompile Include="LibrarySignatureAdapter.cpp">
      <Filter>Source Files</Filter>
    </ClCompile>
    <ClCompile Include="LibrarySignatureImp.cpp">
      <Filter>Source Files</Filter>
    </ClCompile>
    <ClCompile Include="MemoryMappedMatrix.cpp">
      <Filter>Source Files</Filter>
    </ClCompile>
    <ClCompile Include="MemoryMappedMatrixView.cpp">
      <Filter>Source Files</Filter>
    </ClCompile>
    <ClCompile Include="MemoryMappedPage.cpp">
      <Filter>Source Files</Filter>
    </ClCompile>
    <ClCompile Include="MemoryMappedPager.cpp">
      <Filter>Source Files</Filter>
    </ClCompile>
    <ClCompile Include="ModelServicesImp.cpp">
      <Filter>Source Files</Filter>
    </ClCompile>
    <ClCompile Include="RasterDataDescriptorAdapter.cpp">
      <Filter>Source Files</Filter>
    </ClCompile>
    <ClCompile Include="RasterDataDescriptorImp.cpp">
      <Filter>Source Files</Filter>
    </ClCompile>
    <ClCompile Include="RasterElementAdapter.cpp">
      <Filter>Source Files</Filter>
    </ClCompile>
    <ClCompile Include="RasterElementImp.cpp">
      <Filter>Source Files</Filter>
    </ClCompile>
    <ClCompile Include="RasterFileDescriptorAdapter.cpp">
      <Filter>Source Files</Filter>
    </ClCompile>
    <ClCompile Include="RasterFileDescriptorImp.cpp">
      <Filter>Source Files</Filter>
    </ClCompile>
    <ClCompile Include="SignatureAdapter.cpp">
      <Filter>Source Files</Filter>
    </ClCompile>
    <ClCompile Include="SignatureDataDescriptorAdapter.cpp">
      <Filter>Source Files</Filter>
    </ClCompile>
    <ClCompile Include="SignatureDataDescriptorImp.cpp">
      <Filter>Source Files</Filter>
    </ClCompile>
    <ClCompile Include="SignatureFileDescriptorAdapter.cpp">
      <Filter>Source Files</Filter>
    </ClCompile>
    <ClCompile Include="SignatureFileDescriptorImp.cpp">
      <Filter>Source Files</Filter>
    </ClCompile>
    <ClCompile Include="SignatureImp.cpp">
      <Filter>Source Files</Filter>
    </ClCompile>
    <ClCompile Include="SignatureLibraryAdapter.cpp">
      <Filter>Source Files</Filter>
    </ClCompile>
    <ClCompile Include="SignatureLibraryImp.cpp">
      <Filter>Source Files</Filter>
    </ClCompile>
    <ClCompile Include="SignatureSetAdapter.cpp">
      <Filter>Source Files</Filter>
    </ClCompile>
    <ClCompile Include="SignatureSetImp.cpp">
      <Filter>Source Files</Filter>
    </ClCompile>
    <ClCompile Include="StatisticsImp.cpp">
      <Filter>Source Files</Filter>
    </ClCompile>
    <ClCompile Include="TiePointListAdapter.cpp">
      <Filter>Source Files</Filter>
    </ClCompile>
    <ClCompile Include="TiePointListImp.cpp">
      <Filter>Source Files</Filter>
    </ClCompile>
    <ClCompile Include="UnitsAdapter.cpp">
      <Filter>Source Files</Filter>
    </ClCompile>
    <ClCompile Include="UnitsImp.cpp">
      <Filter>Source Files</Filter>
    </ClCompile>
  </ItemGroup>
  <ItemGroup>
    <ClInclude Include="AnnotationElementAdapter.h">
      <Filter>Header Files</Filter>
    </ClInclude>
    <ClInclude Include="AnnotationElementImp.h">
      <Filter>Header Files</Filter>
    </ClInclude>
    <ClInclude Include="AnyAdapter.h">
      <Filter>Header Files</Filter>
    </ClInclude>
    <ClInclude Include="AnyImp.h">
      <Filter>Header Files</Filter>
    </ClInclude>
    <ClInclude Include="AoiElementAdapter.h">
      <Filter>Header Files</Filter>
    </ClInclude>
    <ClInclude Include="AoiElementImp.h">
      <Filter>Header Files</Filter>
    </ClInclude>
    <ClInclude Include="BitMaskImp.h">
      <Filter>Header Files</Filter>
    </ClInclude>
    <ClInclude Include="ClassificationAdapter.h">
      <Filter>Header Files</Filter>
    </ClInclude>
    <ClInclude Include="ClassificationImp.h">
      <Filter>Header Files</Filter>
    </ClInclude>
    <ClInclude Include="ConvertToBilPage.h">
      <Filter>Header Files</Filter>
    </ClInclude>
    <ClInclude Include="ConvertToBilPager.h">
      <Filter>Header Files</Filter>
    </ClInclude>
    <ClInclude Include="ConvertToBipPage.h">
      <Filter>Header Files</Filter>
    </ClInclude>
    <ClInclude Include="ConvertToBipPager.h">
      <Filter>Header Files</Filter>
    </ClInclude>
    <ClInclude Include="ConvertToBsqPage.h">
      <Filter>Header Files</Filter>
    </ClInclude>
    <ClInclude Include="ConvertToBsqPager.h">
      <Filter>Header Files</Filter>
    </ClInclude>
    <ClInclude Include="DataDescriptorAdapter.h">
      <Filter>Header Files</Filter>
    </ClInclude>
    <ClInclude Include="DataDescriptorImp.h">
      <Filter>Header Files</Filter>
    </ClInclude>
    <ClInclude Include="DataElementAdapter.h">
      <Filter>Header Files</Filter>
    </ClInclude>
    <ClInclude Include="DataElementGroupAdapter.h">
      <Filter>Header Files</Filter>
    </ClInclude>
    <ClInclude Include="DataElementGroupImp.h">
      <Filter>Header Files</Filter>
    </ClInclude>
    <ClInclude Include="DataElementImp.h">
      <Filter>Header Files</Filter>
    </ClInclude>
    <ClInclude Include="DataRequestImp.h">
      <Filter>Header Files</Filter>
    </ClInclude>
    <ClInclude Include="EndianSwapPage.h">
      <Filter>Header Files</Filter>
    </ClInclude>
    <ClInclude Include="FileDescriptorAdapter.h">
      <Filter>Header Files</Filter>
    </ClInclude>
    <ClInclude Include="FileDescriptorImp.h">
      <Filter>Header Files</Filter>
    </ClInclude>
    <ClInclude Include="GcpListAdapter.h">
      <Filter>Header Files</Filter>
    </ClInclude>
    <ClInclude Include="GcpListImp.h">
      <Filter>Header Files</Filter>
    </ClInclude>
    <ClInclude Include="GraphicElementAdapter.h">
      <Filter>Header Files</Filter>
    </ClInclude>
    <ClInclude Include="GraphicElementImp.h">
      <Filter>Header Files</Filter>
    </ClInclude>
    <ClInclude Include="InMemoryPage.h">
      <Filter>Header Files</Filter>
    </ClInclude>
    <ClInclude Include="InMemoryPager.h">
      <Filter>Header Files</Filter>
    </ClInclude>
    <ClInclude Include="LibrarySignatureAdapter.h">
      <Filter>Header Files</Filter>
    </ClInclude>
    <ClInclude Include="LibrarySignatureImp.h">
      <Filter>Header Files</Filter>
    </ClInclude>
    <ClInclude Include="MemoryMappedMatrix.h">
      <Filter>Header Files</Filter>
    </ClInclude>
    <ClInclude Include="MemoryMappedMatrixView.h">
      <Filter>Header Files</Filter>
    </ClInclude>
    <ClInclude Include="MemoryMappedPage.h">
      <Filter>Header Files</Filter>
    </ClInclude>
    <ClInclude Include="MemoryMappedPager.h">
      <Filter>Header Files</Filter>
    </ClInclude>
    <ClInclude Include="ModelServicesImp.h">
      <Filter>Header Files</Filter>
    </ClInclude>
    <ClInclude Include="RasterDataDescriptorAdapter.h">
      <Filter>Header Files</Filter>
    </ClInclude>
    <ClInclude Include="RasterDataDescriptorImp.h">
      <Filter>Header Files</Filter>
    </ClInclude>
    <ClInclude Include="RasterElementAdapter.h">
      <Filter>Header Files</Filter>
    </ClInclude>
    <ClInclude Include="RasterElementImp.h">
      <Filter>Header Files</Filter>
    </ClInclude>
    <ClInclude Include="RasterFileDescriptorAdapter.h">
      <Filter>Header Files</Filter>
    </ClInclude>
    <ClInclude Include="RasterFileDescriptorImp.h">
      <Filter>Header Files</Filter>
    </ClInclude>
    <ClInclude Include="SignatureAdapter.h">
      <Filter>Header Files</Filter>
    </ClInclude>
    <ClInclude Include="SignatureDataDescriptorAdapter.h">
      <Filter>Header Files</Filter>
    </ClInclude>
    <ClInclude Include="SignatureDataDescriptorImp.h">
      <Filter>Header Files</Filter>
    </ClInclude>
    <ClInclude Include="SignatureFileDescriptorAdapter.h">
      <Filter>Header Files</Filter>
    </ClInclude>
    <ClInclude Include="SignatureFileDescriptorImp.h">
      <Filter>Header Files</Filter>
    </ClInclude>
    <ClInclude Include="SignatureImp.h">
      <Filter>Header Files</Filter>
    </ClInclude>
    <ClInclude Include="SignatureLibraryAdapter.h">
      <Filter>Header Files</Filter>
    </ClInclude>
    <ClInclude Include="SignatureLibraryImp.h">
      <Filter>Header Files</Filter>
    </ClInclude>
    <ClInclude Include="SignatureSetAdapter.h">
      <Filter>Header Files</Filter>
    </ClInclude>
    <ClInclude Include="SignatureSetImp.h">
      <Filter>Header Files</Filter>
    </ClInclude>
    <ClInclude Include="StatisticsImp.h">
      <Filter>Header Files</Filter>
    </ClInclude>
    <ClInclude Include="TiePointListAdapter.h">
      <Filter>Header Files</Filter>
    </ClInclude>
    <ClInclude Include="TiePointListImp.h">
      <Filter>Header Files</Filter>
    </ClInclude>
    <ClInclude Include="UnitsAdapter.h">
      <Filter>Header Files</Filter>
    </ClInclude>
    <ClInclude Include="UnitsImp.h">
      <Filter>Header Files</Filter>
    </ClInclude>
  </ItemGroup>
  <ItemGroup>
    <None Include="SignatureLibrary.rationale">
      <Filter>Rationale</Filter>
    </None>
  </ItemGroup>
</Project>