<?xml version="1.0" encoding="utf-8"?>
<Project ToolsVersion="4.0" xmlns="http://schemas.microsoft.com/developer/msbuild/2003">
  <ItemGroup>
    <Filter Include="Source Files">
      <UniqueIdentifier>{1f9511eb-3d0c-49bb-a57f-f35067ee872f}</UniqueIdentifier>
      <Extensions>cpp;c;cxx;rc;def;r;odl;idl;hpj;bat</Extensions>
    </Filter>
    <Filter Include="Header Files">
      <UniqueIdentifier>{401a8c90-f78f-49b8-87c5-01b666e989fa}</UniqueIdentifier>
      <Extensions>h;hpp;hxx;hm;inl</Extensions>
    </Filter>
    <Filter Include="moc">
      <UniqueIdentifier>{3020ff34-7f84-49d0-b979-c434682b9447}</UniqueIdentifier>
    </Filter>
  </ItemGroup>
  <ItemGroup>
    <ClCompile Include="ModuleManager.cpp">
      <Filter>Source Files</Filter>
    </ClCompile>
    <ClCompile Include="Hydrology.cpp">
      <Filter>Source Files</Filter>
    </ClCompile>
    <ClCompile Include="Mudslide.cpp">
      <Filter>Source Files</Filter>
    </ClCompile>
  </ItemGroup>
  <ItemGroup>
    <ClInclude Include="Hydrology.h">
      <Filter>Header Files</Filter>
    </ClInclude>
    <ClInclude Include="topographic_attributes.hpp">
      <Filter>Header Files</Filter>
    </ClInclude>
    <ClInclude Include="Constants.h">
      <Filter>Header Files</Filter>
    </ClInclude>
    <ClInclude Include="Mudslide.h">
      <Filter>Header Files</Filter>
    </ClInclude>
    <ClInclude Include="mudslide.hpp">
      <Filter>Header Files</Filter>
    </ClInclude>
    <ClInclude Include="raster_io.hpp">
      <Filter>Header Files</Filter>
    </ClInclude>
  </ItemGroup>
</Project>