<?xml version="1.0" encoding="utf-8"?>
<Project ToolsVersion="4.0" xmlns="http://schemas.microsoft.com/developer/msbuild/2003">
  <ItemGroup>
    <Filter Include="Source Files">
      <UniqueIdentifier>{5bad24f4-5e2a-48ca-9af5-c2c38f5bf9e0}</UniqueIdentifier>
      <Extensions>cpp;c;cxx;rc;def;r;odl;idl;hpj;bat</Extensions>
    </Filter>
    <Filter Include="Header Files">
      <UniqueIdentifier>{a5bbbcce-c966-4b04-ab70-fe14b35d7015}</UniqueIdentifier>
      <Extensions>h;hpp;hxx;hm;inl</Extensions>
    </Filter>
  </ItemGroup>
  <ItemGroup>
    <ClCompile Include="ApplicationServicesImp.cpp">
      <Filter>Source Files</Filter>
    </ClCompile>
    <ClCompile Include="BadValuesAdapter.cpp">
      <Filter>Source Files</Filter>
    </ClCompile>
    <ClCompile Include="BadValuesImp.cpp">
      <Filter>Source Files</Filter>
    </ClCompile>
    <ClCompile Include="ConfigurationSettingsImp.cpp">
      <Filter>Source Files</Filter>
    </ClCompile>
    <ClCompile Include="DataVariantFactoryImp.cpp">
      <Filter>Source Files</Filter>
    </ClCompile>
    <ClCompile Include="DateTimeImp.cpp">
      <Filter>Source Files</Filter>
    </ClCompile>
    <ClCompile Include="DynamicObjectImp.cpp">
      <Filter>Source Files</Filter>
    </ClCompile>
    <ClCompile Include="ExecutableAgentImp.cpp">
      <Filter>Source Files</Filter>
    </ClCompile>
    <ClCompile Include="ExportAgentImp.cpp">
      <Filter>Source Files</Filter>
    </ClCompile>
    <ClCompile Include="FileFinderImp.cpp">
      <Filter>Source Files</Filter>
    </ClCompile>
    <ClCompile Include="FilenameImp.cpp">
      <Filter>Source Files</Filter>
    </ClCompile>
    <ClCompile Include="GeocoordLinkFunctor.cpp">
      <Filter>Source Files</Filter>
    </ClCompile>
    <ClCompile Include="GeoreferenceDescriptorAdapter.cpp">
      <Filter>Source Files</Filter>
    </ClCompile>
    <ClCompile Include="GeoreferenceDescriptorImp.cpp">
      <Filter>Source Files</Filter>
    </ClCompile>
    <ClCompile Include="ImportAgentImp.cpp">
      <Filter>Source Files</Filter>
    </ClCompile>
    <ClCompile Include="ImportDescriptorImp.cpp">
      <Filter>Source Files</Filter>
    </ClCompile>
    <ClCompile Include="MessageLogAdapter.cpp">
      <Filter>Source Files</Filter>
    </ClCompile>
    <ClCompile Include="MessageLogImp.cpp">
      <Filter>Source Files</Filter>
    </ClCompile>
    <ClCompile Include="MessageLogMgrImp.cpp">
      <Filter>Source Files</Filter>
    </ClCompile>
    <ClCompile Include="MruFile.cpp">
      <Filter>Source Files</Filter>
    </ClCompile>
    <ClCompile Include="ObjectFactoryImp.cpp">
      <Filter>Source Files</Filter>
    </ClCompile>
    <ClCompile Include="ProgressImp.cpp">
      <Filter>Source Files</Filter>
    </ClCompile>
    <ClCompile Include="SerializableImp.cpp">
      <Filter>Source Files</Filter>
    </ClCompile>
    <ClCompile Include="SessionItemDeserializerImp.cpp">
      <Filter>Source Files</Filter>
    </ClCompile>
    <ClCompile Include="SessionItemImp.cpp">
      <Filter>Source Files</Filter>
    </ClCompile>
    <ClCompile Include="SessionItemSerializerImp.cpp">
      <Filter>Source Files</Filter>
    </ClCompile>
    <ClCompile Include="SessionManagerImp.cpp">
      <Filter>Source Files</Filter>
    </ClCompile>
    <ClCompile Include="SettableSessionItemAdapter.cpp">
      <Filter>Source Files</Filter>
    </ClCompile>
    <ClCompile Include="ThreadSafeProgressImp.cpp">
      <Filter>Source Files</Filter>
    </ClCompile>
    <ClCompile Include="UtilityServicesImp.cpp">
      <Filter>Source Files</Filter>
    </ClCompile>
    <ClCompile Include="WavelengthsImp.cpp">
      <Filter>Source Files</Filter>
    </ClCompile>
  </ItemGroup>
  <ItemGroup>
    <ClInclude Include="ApplicationServicesImp.h">
      <Filter>Header Files</Filter>
    </ClInclude>
    <ClInclude Include="BadValuesAdapter.h">
      <Filter>Header Files</Filter>
    </ClInclude>
    <ClInclude Include="BadValuesImp.h">
      <Filter>Header Files</Filter>
    </ClInclude>
    <ClInclude Include="BuildRevision.h">
      <Filter>Header Files</Filter>
    </ClInclude>
    <ClInclude Include="ConfigurationSettingsImp.h">
      <Filter>Header Files</Filter>
    </ClInclude>
    <ClInclude Include="DataValueWrapper.h">
      <Filter>Header Files</Filter>
    </ClInclude>
    <ClInclude Include="DataVariantFactoryImp.h">
      <Filter>Header Files</Filter>
    </ClInclude>
    <ClInclude Include="DateTimeImp.h">
      <Filter>Header Files</Filter>
    </ClInclude>
    <ClInclude Include="DynamicObjectAdapter.h">
      <Filter>Header Files</Filter>
    </ClInclude>
    <ClInclude Include="DynamicObjectImp.h">
      <Filter>Header Files</Filter>
    </ClInclude>
    <ClInclude Include="ExecutableAgentAdapter.h">
      <Filter>Header Files</Filter>
    </ClInclude>
    <ClInclude Include="ExecutableAgentImp.h">
      <Filter>Header Files</Filter>
    </ClInclude>
    <ClInclude Include="ExportAgentAdapter.h">
      <Filter>Header Files</Filter>
    </ClInclude>
    <ClInclude Include="ExportAgentImp.h">
      <Filter>Header Files</Filter>
    </ClInclude>
    <ClInclude Include="FileFinderImp.h">
      <Filter>Header Files</Filter>
    </ClInclude>
    <ClInclude Include="FilenameImp.h">
      <Filter>Header Files</Filter>
    </ClInclude>
    <ClInclude Include="GeocoordLinkFunctor.h">
      <Filter>Header Files</Filter>
    </ClInclude>
    <ClInclude Include="GeoreferenceDescriptorAdapter.h">
      <Filter>Header Files</Filter>
    </ClInclude>
    <ClInclude Include="GeoreferenceDescriptorImp.h">
      <Filter>Header Files</Filter>
    </ClInclude>
    <ClInclude Include="ImportAgentAdapter.h">
      <Filter>Header Files</Filter>
    </ClInclude>
    <ClInclude Include="ImportAgentImp.h">
      <Filter>Header Files</Filter>
    </ClInclude>
    <ClInclude Include="ImportDescriptorImp.h">
      <Filter>Header Files</Filter>
    </ClInclude>
    <ClInclude Include="MessageLogAdapter.h">
      <Filter>Header Files</Filter>
    </ClInclude>
    <ClInclude Include="MessageLogImp.h">
      <Filter>Header Files</Filter>
    </ClInclude>
    <ClInclude Include="MessageLogMgrImp.h">
      <Filter>Header Files</Filter>
    </ClInclude>
    <ClInclude Include="MruFile.h">
      <Filter>Header Files</Filter>
    </ClInclude>
    <ClInclude Include="ObjectFactoryImp.h">
      <Filter>Header Files</Filter>
    </ClInclude>
    <ClInclude Include="ProgressAdapter.h">
      <Filter>Header Files</Filter>
    </ClInclude>
    <ClInclude Include="ProgressImp.h">
      <Filter>Header Files</Filter>
    </ClInclude>
    <ClInclude Include="SerializableImp.h">
      <Filter>Header Files</Filter>
    </ClInclude>
    <ClInclude Include="SessionItemDeserializerImp.h">
      <Filter>Header Files</Filter>
    </ClInclude>
    <ClInclude Include="SessionItemImp.h">
      <Filter>Header Files</Filter>
    </ClInclude>
    <ClInclude Include="SessionItemSerializerImp.h">
      <Filter>Header Files</Filter>
    </ClInclude>
    <ClInclude Include="SessionManagerImp.h">
      <Filter>Header Files</Filter>
    </ClInclude>
    <ClInclude Include="SettableSessionItemAdapter.h">
      <Filter>Header Files</Filter>
    </ClInclude>
    <ClInclude Include="ThreadSafeProgressAdapter.h">
      <Filter>Header Files</Filter>
    </ClInclude>
    <ClInclude Include="ThreadSafeProgressImp.h">
      <Filter>Header Files</Filter>
    </ClInclude>
    <ClInclude Include="UtilityServicesImp.h">
      <Filter>Header Files</Filter>
    </ClInclude>
    <ClInclude Include="WavelengthsImp.h">
      <Filter>Header Files</Filter>
    </ClInclude>
  </ItemGroup>
</Project>