<?xml version="1.0" encoding="utf-8"?>
<Project ToolsVersion="4.0" xmlns="http://schemas.microsoft.com/developer/msbuild/2003">
  <ItemGroup>
    <Filter Include="Source Files">
      <UniqueIdentifier>{cacb3d82-4524-4681-9db3-732f51851d7d}</UniqueIdentifier>
      <Extensions>cpp;c;cxx;rc;def;r;odl;idl;hpj;bat</Extensions>
    </Filter>
    <Filter Include="Header Files">
      <UniqueIdentifier>{ca1a6b43-86ef-4591-b2c2-42ecc796499d}</UniqueIdentifier>
      <Extensions>h;hpp;hxx;hm;inl</Extensions>
    </Filter>
  </ItemGroup>
  <ItemGroup>
    <ClCompile Include="BatchFile.cpp">
      <Filter>Source Files</Filter>
    </ClCompile>
    <ClCompile Include="BatchFileParser.cpp">
      <Filter>Source Files</Filter>
    </ClCompile>
    <ClCompile Include="BatchFileset.cpp">
      <Filter>Source Files</Filter>
    </ClCompile>
    <ClCompile Include="BatchWizard.cpp">
      <Filter>Source Files</Filter>
    </ClCompile>
    <ClCompile Include="Value.cpp">
      <Filter>Source Files</Filter>
    </ClCompile>
    <ClCompile Include="WizardItemImp.cpp">
      <Filter>Source Files</Filter>
    </ClCompile>
    <ClCompile Include="WizardNodeImp.cpp">
      <Filter>Source Files</Filter>
    </ClCompile>
    <ClCompile Include="WizardObjectAdapter.cpp">
      <Filter>Source Files</Filter>
    </ClCompile>
    <ClCompile Include="WizardObjectImp.cpp">
      <Filter>Source Files</Filter>
    </ClCompile>
    <ClCompile Include="WizardUtilities.cpp">
      <Filter>Source Files</Filter>
    </ClCompile>
  </ItemGroup>
  <ItemGroup>
    <ClInclude Include="BatchFile.h">
      <Filter>Header Files</Filter>
    </ClInclude>
    <ClInclude Include="BatchFileParser.h">
      <Filter>Header Files</Filter>
    </ClInclude>
    <ClInclude Include="BatchFileset.h">
      <Filter>Header Files</Filter>
    </ClInclude>
    <ClInclude Include="BatchWizard.h">
      <Filter>Header Files</Filter>
    </ClInclude>
    <ClInclude Include="Value.h">
      <Filter>Header Files</Filter>
    </ClInclude>
    <ClInclude Include="WizardItemImp.h">
      <Filter>Header Files</Filter>
    </ClInclude>
    <ClInclude Include="WizardNodeImp.h">
      <Filter>Header Files</Filter>
    </ClInclude>
    <ClInclude Include="WizardObjectAdapter.h">
      <Filter>Header Files</Filter>
    </ClInclude>
    <ClInclude Include="WizardObjectImp.h">
      <Filter>Header Files</Filter>
    </ClInclude>
    <ClInclude Include="WizardUtilities.h">
      <Filter>Header Files</Filter>
    </ClInclude>
  </ItemGroup>
</Project>