<?xml version="1.0" encoding="utf-8"?>
<Project ToolsVersion="4.0" xmlns="http://schemas.microsoft.com/developer/msbuild/2003">
  <ItemGroup>
    <Filter Include="Source Files">
      <UniqueIdentifier>{8220399c-405f-41d5-bf24-17e1b8f6b179}</UniqueIdentifier>
      <Extensions>cpp;c;cxx;rc;def;r;odl;idl;hpj;bat</Extensions>
    </Filter>
    <Filter Include="Header Files">
      <UniqueIdentifier>{4c00f9e1-55d5-43ce-bd36-248c8a0a7418}</UniqueIdentifier>
      <Extensions>h;hpp;hxx;hm;inl</Extensions>
    </Filter>
  </ItemGroup>
  <ItemGroup>
    <ClCompile Include="NitfChipConverter.cpp">
      <Filter>Source Files</Filter>
    </ClCompile>
    <ClCompile Include="NitfTreParserShell.cpp">
      <Filter>Source Files</Filter>
    </ClCompile>
    <ClCompile Include="NitfUtilities.cpp">
      <Filter>Source Files</Filter>
    </ClCompile>
    <ClCompile Include="StubString.cpp">
      <Filter>Source Files</Filter>
    </ClCompile>
    <ClCompile Include="NitfImporterShell.cpp">
      <Filter>Source Files</Filter>
    </ClCompile>
    <ClCompile Include="NitfResource.cpp">
      <Filter>Source Files</Filter>
    </ClCompile>
    <ClCompile Include="NitfDesSubheader.cpp">
      <Filter>Source Files</Filter>
    </ClCompile>
    <ClCompile Include="NitfFileHeader.cpp">
      <Filter>Source Files</Filter>
    </ClCompile>
    <ClCompile Include="NitfHeader.cpp">
      <Filter>Source Files</Filter>
    </ClCompile>
    <ClCompile Include="NitfImageSubheader.cpp">
      <Filter>Source Files</Filter>
    </ClCompile>
    <ClCompile Include="NitfMetadataParsing.cpp">
      <Filter>Source Files</Filter>
    </ClCompile>
  </ItemGroup>
  <ItemGroup>
    <ClInclude Include="NitfChipConverter.h">
      <Filter>Header Files</Filter>
    </ClInclude>
    <ClInclude Include="NitfConstants.h">
      <Filter>Header Files</Filter>
    </ClInclude>
    <ClInclude Include="NitfTreParser.h">
      <Filter>Header Files</Filter>
    </ClInclude>
    <ClInclude Include="NitfTreParserShell.h">
      <Filter>Header Files</Filter>
    </ClInclude>
    <ClInclude Include="NitfUtilities.h">
      <Filter>Header Files</Filter>
    </ClInclude>
    <ClInclude Include="NitfImporterShell.h">
      <Filter>Header Files</Filter>
    </ClInclude>
    <ClInclude Include="NitfMetadataParsing.h">
      <Filter>Header Files</Filter>
    </ClInclude>
    <ClInclude Include="NitfResource.h">
      <Filter>Header Files</Filter>
    </ClInclude>
    <ClInclude Include="NitfDesSubheader.h">
      <Filter>Header Files</Filter>
    </ClInclude>
    <ClInclude Include="NitfFileHeader.h">
      <Filter>Header Files</Filter>
    </ClInclude>
    <ClInclude Include="NitfHeader.h">
      <Filter>Header Files</Filter>
    </ClInclude>
    <ClInclude Include="NitfImageSubheader.h">
      <Filter>Header Files</Filter>
    </ClInclude>
    <ClInclude Include="NitfProperties.h">
      <Filter>Header Files</Filter>
    </ClInclude>
    <ClInclude Include="NitfPropertiesQWidgetWrapper.h">
      <Filter>Header Files</Filter>
    </ClInclude>
  </ItemGroup>
</Project>
