<?xml version="1.0" encoding="utf-8"?>
<Project ToolsVersion="4.0" xmlns="http://schemas.microsoft.com/developer/msbuild/2003">
  <ItemGroup>
    <Filter Include="Source Files">
      <UniqueIdentifier>{ef4ee6c7-f637-463d-bfe8-d1587926a04d}</UniqueIdentifier>
      <Extensions>cpp;c;cxx;rc;def;r;odl;idl;hpj;bat</Extensions>
    </Filter>
    <Filter Include="Header Files">
      <UniqueIdentifier>{82890dae-d714-4108-82c2-b3a4e19a6cfe}</UniqueIdentifier>
      <Extensions>h;hpp;hxx;hm;inl</Extensions>
    </Filter>
    <Filter Include="moc">
      <UniqueIdentifier>{51da75a7-5400-4826-9ccb-edf31b72ab6f}</UniqueIdentifier>
      <Extensions>cpp;c;cxx;rc;def;r;odl;idl;hpj;bat</Extensions>
    </Filter>
  </ItemGroup>
  <ItemGroup>
    <ClCompile Include="$(BuildDir)\Moc\$(ProjectName)\moc_ModisL1bImportOptionsWidget.cpp">
      <Filter>moc</Filter>
    </ClCompile>
    <ClCompile Include="$(BuildDir)\Moc\$(ProjectName)\moc_OptionsModisL1bImporter.cpp">
      <Filter>moc</Filter>
    </ClCompile>
    <ClCompile Include="$(BuildDir)\Moc\$(ProjectName)\moc_RasterConversionTypeComboBox.cpp">
      <Filter>moc</Filter>
    </ClCompile>
    <ClCompile Include="HdfEosMetadataParser.cpp">
      <Filter>Source Files</Filter>
    </ClCompile>
    <ClCompile Include="ModisGeoreference.cpp">
      <Filter>Source Files</Filter>
    </ClCompile>
    <ClCompile Include="ModisL1bImporter.cpp">
      <Filter>Source Files</Filter>
    </ClCompile>
    <ClCompile Include="ModisL1bImportOptionsWidget.cpp">
      <Filter>Source Files</Filter>
    </ClCompile>
    <ClCompile Include="ModisPager.cpp">
      <Filter>Source Files</Filter>
    </ClCompile>
    <ClCompile Include="ModisUtilities.cpp">
      <Filter>Source Files</Filter>
    </ClCompile>
    <ClCompile Include="ModuleManager.cpp">
      <Filter>Source Files</Filter>
    </ClCompile>
    <ClCompile Include="OptionsModisL1bImporter.cpp">
      <Filter>Source Files</Filter>
    </ClCompile>
    <ClCompile Include="RasterConversionTypeComboBox.cpp">
      <Filter>Source Files</Filter>
    </ClCompile>
  </ItemGroup>
  <ItemGroup>
    <ClInclude Include="HdfEosMetadataParser.h">
      <Filter>Header Files</Filter>
    </ClInclude>
    <ClInclude Include="ModisGeoreference.h">
      <Filter>Header Files</Filter>
    </ClInclude>
    <ClInclude Include="ModisL1bImporter.h">
      <Filter>Header Files</Filter>
    </ClInclude>
    <ClInclude Include="ModisPager.h">
      <Filter>Header Files</Filter>
    </ClInclude>
    <ClInclude Include="ModisUtilities.h">
      <Filter>Header Files</Filter>
    </ClInclude>
  </ItemGroup>
  <ItemGroup>
    <CustomBuild Include="ModisL1bImportOptionsWidget.h">
      <Filter>Header Files</Filter>
    </CustomBuild>
    <CustomBuild Include="OptionsModisL1bImporter.h">
      <Filter>Header Files</Filter>
    </CustomBuild>
    <CustomBuild Include="RasterConversionTypeComboBox.h">
      <Filter>Header Files</Filter>
    </CustomBuild>
  </ItemGroup>
</Project>
