Microsoft Visual Studio Solution File, Format Version 9.00
# Visual Studio 2005
Project("{8BC9CEB8-8B4A-11D0-8D11-00A0C91BC942}") = "Opticks", "Opticks.vcproj", "{4848789B-87B2-49B2-AF93-8F1B6AA7DB18}"
	ProjectSection(ProjectDependencies) = postProject
		{ACDE6B09-D5E8-4002-83FC-96ED7C5A281F} = {ACDE6B09-D5E8-4002-83FC-96ED7C5A281F}
		{8DCB3C1B-CCBF-46B5-9F71-056CF68AF1C2} = {8DCB3C1B-CCBF-46B5-9F71-056CF68AF1C2}
		{BF9DEC74-D1A6-448F-9C5C-8BF272B79055} = {BF9DEC74-D1A6-448F-9C5C-8BF272B79055}
		{0A996CBC-8F48-499E-88D0-9A989D5439B1} = {0A996CBC-8F48-499E-88D0-9A989D5439B1}
		{94A7D2C4-8623-4EF3-8FC9-06CD470A15BD} = {94A7D2C4-8623-4EF3-8FC9-06CD470A15BD}
		{4831B6DF-AEAC-4F12-A0B5-CE3CA703FB88} = {4831B6DF-AEAC-4F12-A0B5-CE3CA703FB88}
		{BFAA94F6-8CA1-4159-B0E1-90B09D9C3056} = {BFAA94F6-8CA1-4159-B0E1-90B09D9C3056}
		{9C7936F8-2C39-4E4A-B8EA-DDD29BE5F653} = {9C7936F8-2C39-4E4A-B8EA-DDD29BE5F653}
		{83190CFF-A185-412D-82F0-B3E39954E8F3} = {83190CFF-A185-412D-82F0-B3E39954E8F3}
	EndProjectSection
EndProject
Project("{8BC9CEB8-8B4A-11D0-8D11-00A0C91BC942}") = "AutoImporter", "PlugIns\src\AutoImporter\AutoImporter.vcproj", "{0831B515-FEFC-4158-BFBD-6D066BA326A7}"
	ProjectSection(ProjectDependencies) = postProject
		{4831B6DF-AEAC-4F12-A0B5-CE3CA703FB88} = {4831B6DF-AEAC-4F12-A0B5-CE3CA703FB88}
		{BFAA94F6-8CA1-4159-B0E1-90B09D9C3056} = {BFAA94F6-8CA1-4159-B0E1-90B09D9C3056}
	EndProjectSection
EndProject
Project("{8BC9CEB8-8B4A-11D0-8D11-00A0C91BC942}") = "OpticksBatch", "Batch\Batch.vcproj", "{FAB88922-AA54-431C-8C22-5410A8CEE7B5}"
	ProjectSection(ProjectDependencies) = postProject
		{ACDE6B09-D5E8-4002-83FC-96ED7C5A281F} = {ACDE6B09-D5E8-4002-83FC-96ED7C5A281F}
		{8DCB3C1B-CCBF-46B5-9F71-056CF68AF1C2} = {8DCB3C1B-CCBF-46B5-9F71-056CF68AF1C2}
		{BF9DEC74-D1A6-448F-9C5C-8BF272B79055} = {BF9DEC74-D1A6-448F-9C5C-8BF272B79055}
		{0A996CBC-8F48-499E-88D0-9A989D5439B1} = {0A996CBC-8F48-499E-88D0-9A989D5439B1}
		{94A7D2C4-8623-4EF3-8FC9-06CD470A15BD} = {94A7D2C4-8623-4EF3-8FC9-06CD470A15BD}
		{4831B6DF-AEAC-4F12-A0B5-CE3CA703FB88} = {4831B6DF-AEAC-4F12-A0B5-CE3CA703FB88}
		{BFAA94F6-8CA1-4159-B0E1-90B09D9C3056} = {BFAA94F6-8CA1-4159-B0E1-90B09D9C3056}
		{9C7936F8-2C39-4E4A-B8EA-DDD29BE5F653} = {9C7936F8-2C39-4E4A-B8EA-DDD29BE5F653}
		{83190CFF-A185-412D-82F0-B3E39954E8F3} = {83190CFF-A185-412D-82F0-B3E39954E8F3}
	EndProjectSection
EndProject
Project("{8BC9CEB8-8B4A-11D0-8D11-00A0C91BC942}") = "DTED", "PlugIns\src\Dted\Dted.vcproj", "{4C2CD020-C760-490E-A412-5053686B91AA}"
	ProjectSection(ProjectDependencies) = postProject
		{4831B6DF-AEAC-4F12-A0B5-CE3CA703FB88} = {4831B6DF-AEAC-4F12-A0B5-CE3CA703FB88}
		{BFAA94F6-8CA1-4159-B0E1-90B09D9C3056} = {BFAA94F6-8CA1-4159-B0E1-90B09D9C3056}
	EndProjectSection
EndProject
Project("{8BC9CEB8-8B4A-11D0-8D11-00A0C91BC942}") = "Desktop", "Desktop\Desktop.vcproj", "{0A996CBC-8F48-499E-88D0-9A989D5439B1}"
EndProject
Project("{8BC9CEB8-8B4A-11D0-8D11-00A0C91BC942}") = "Framework", "Framework\Framework.vcproj", "{ACDE6B09-D5E8-4002-83FC-96ED7C5A281F}"
EndProject
Project("{8BC9CEB8-8B4A-11D0-8D11-00A0C91BC942}") = "Generic", "PlugIns\src\Generic\Generic.vcproj", "{97C1FF5C-E520-457C-BDED-6E4DED63FF2D}"
	ProjectSection(ProjectDependencies) = postProject
		{4831B6DF-AEAC-4F12-A0B5-CE3CA703FB88} = {4831B6DF-AEAC-4F12-A0B5-CE3CA703FB88}
		{BFAA94F6-8CA1-4159-B0E1-90B09D9C3056} = {BFAA94F6-8CA1-4159-B0E1-90B09D9C3056}
	EndProjectSection
EndProject
Project("{8BC9CEB8-8B4A-11D0-8D11-00A0C91BC942}") = "Georeference", "PlugIns\src\Georeference\Georeference.vcproj", "{B10A9A1F-74A1-4A35-80A4-6ABB8B4EA888}"
	ProjectSection(ProjectDependencies) = postProject
		{4831B6DF-AEAC-4F12-A0B5-CE3CA703FB88} = {4831B6DF-AEAC-4F12-A0B5-CE3CA703FB88}
		{BFAA94F6-8CA1-4159-B0E1-90B09D9C3056} = {BFAA94F6-8CA1-4159-B0E1-90B09D9C3056}
	EndProjectSection
EndProject
Project("{8BC9CEB8-8B4A-11D0-8D11-00A0C91BC942}") = "Gui", "Gui\Gui.vcproj", "{BF9DEC74-D1A6-448F-9C5C-8BF272B79055}"
EndProject
Project("{8BC9CEB8-8B4A-11D0-8D11-00A0C91BC942}") = "Model", "Model\Model.vcproj", "{94A7D2C4-8623-4EF3-8FC9-06CD470A15BD}"
EndProject
Project("{8BC9CEB8-8B4A-11D0-8D11-00A0C91BC942}") = "Pictures", "PlugIns\src\Pictures\Pictures.vcproj", "{0190A347-D3BD-45E1-BBB0-48A8749862AB}"
	ProjectSection(ProjectDependencies) = postProject
		{4831B6DF-AEAC-4F12-A0B5-CE3CA703FB88} = {4831B6DF-AEAC-4F12-A0B5-CE3CA703FB88}
		{BFAA94F6-8CA1-4159-B0E1-90B09D9C3056} = {BFAA94F6-8CA1-4159-B0E1-90B09D9C3056}
	EndProjectSection
EndProject
Project("{8BC9CEB8-8B4A-11D0-8D11-00A0C91BC942}") = "PlugInLib", "PlugInLib\PlugInLib.vcproj", "{BFAA94F6-8CA1-4159-B0E1-90B09D9C3056}"
EndProject
Project("{8BC9CEB8-8B4A-11D0-8D11-00A0C91BC942}") = "PlugInManager", "PlugInManager\PlugInManager.vcproj", "{8DCB3C1B-CCBF-46B5-9F71-056CF68AF1C2}"
EndProject
Project("{8BC9CEB8-8B4A-11D0-8D11-00A0C91BC942}") = "PlugInSampler", "PlugIns\src\PlugInSampler\PlugInSampler.vcproj", "{EC2BF30D-D678-4382-9169-D52310177A04}"
	ProjectSection(ProjectDependencies) = postProject
		{4831B6DF-AEAC-4F12-A0B5-CE3CA703FB88} = {4831B6DF-AEAC-4F12-A0B5-CE3CA703FB88}
		{BFAA94F6-8CA1-4159-B0E1-90B09D9C3056} = {BFAA94F6-8CA1-4159-B0E1-90B09D9C3056}
	EndProjectSection
EndProject
Project("{8BC9CEB8-8B4A-11D0-8D11-00A0C91BC942}") = "PlugInUtilities", "PlugInUtilities\PlugInUtilities.vcproj", "{4831B6DF-AEAC-4F12-A0B5-CE3CA703FB88}"
EndProject
Project("{8BC9CEB8-8B4A-11D0-8D11-00A0C91BC942}") = "Scripts", "PlugIns\src\Scripts\Scripts.vcproj", "{767B6AEF-001B-4044-AE51-94D542FEAA3C}"
	ProjectSection(ProjectDependencies) = postProject
		{4831B6DF-AEAC-4F12-A0B5-CE3CA703FB88} = {4831B6DF-AEAC-4F12-A0B5-CE3CA703FB88}
		{BFAA94F6-8CA1-4159-B0E1-90B09D9C3056} = {BFAA94F6-8CA1-4159-B0E1-90B09D9C3056}
	EndProjectSection
EndProject
Project("{8BC9CEB8-8B4A-11D0-8D11-00A0C91BC942}") = "Sio", "PlugIns\src\Sio\Sio.vcproj", "{F40C1A8C-3ABA-4E13-A817-1DC8DF5329B1}"
	ProjectSection(ProjectDependencies) = postProject
		{4831B6DF-AEAC-4F12-A0B5-CE3CA703FB88} = {4831B6DF-AEAC-4F12-A0B5-CE3CA703FB88}
		{BFAA94F6-8CA1-4159-B0E1-90B09D9C3056} = {BFAA94F6-8CA1-4159-B0E1-90B09D9C3056}
	EndProjectSection
EndProject
Project("{8BC9CEB8-8B4A-11D0-8D11-00A0C91BC942}") = "Utilities", "Utilities\Utilities.vcproj", "{83190CFF-A185-412D-82F0-B3E39954E8F3}"
EndProject
Project("{8BC9CEB8-8B4A-11D0-8D11-00A0C91BC942}") = "WizardExecutor", "PlugIns\src\WizardExecutor\WizardExecutor.vcproj", "{B23C3B3A-CF01-464C-B220-52070281319F}"
	ProjectSection(ProjectDependencies) = postProject
		{4831B6DF-AEAC-4F12-A0B5-CE3CA703FB88} = {4831B6DF-AEAC-4F12-A0B5-CE3CA703FB88}
		{BFAA94F6-8CA1-4159-B0E1-90B09D9C3056} = {BFAA94F6-8CA1-4159-B0E1-90B09D9C3056}
		{9C7936F8-2C39-4E4A-B8EA-DDD29BE5F653} = {9C7936F8-2C39-4E4A-B8EA-DDD29BE5F653}
	EndProjectSection
EndProject
Project("{8BC9CEB8-8B4A-11D0-8D11-00A0C91BC942}") = "WizardItems", "PlugIns\src\WizardItems\WizardItems.vcproj", "{028F3ABC-AAB5-426C-8127-80C5FEE17647}"
	ProjectSection(ProjectDependencies) = postProject
		{4831B6DF-AEAC-4F12-A0B5-CE3CA703FB88} = {4831B6DF-AEAC-4F12-A0B5-CE3CA703FB88}
		{BFAA94F6-8CA1-4159-B0E1-90B09D9C3056} = {BFAA94F6-8CA1-4159-B0E1-90B09D9C3056}
	EndProjectSection
EndProject
Project("{8BC9CEB8-8B4A-11D0-8D11-00A0C91BC942}") = "BandMath", "PlugIns\src\BandMath\BandMath.vcproj", "{8DC731C8-6AB9-4F27-8085-7BCAA272528A}"
	ProjectSection(ProjectDependencies) = postProject
		{4831B6DF-AEAC-4F12-A0B5-CE3CA703FB88} = {4831B6DF-AEAC-4F12-A0B5-CE3CA703FB88}
		{BFAA94F6-8CA1-4159-B0E1-90B09D9C3056} = {BFAA94F6-8CA1-4159-B0E1-90B09D9C3056}
	EndProjectSection
EndProject
Project("{8BC9CEB8-8B4A-11D0-8D11-00A0C91BC942}") = "ENVI", "PlugIns\src\ENVI\ENVI.vcproj", "{B070AC6F-A194-4B2C-8825-3F03DA6D3070}"
	ProjectSection(ProjectDependencies) = postProject
		{4831B6DF-AEAC-4F12-A0B5-CE3CA703FB88} = {4831B6DF-AEAC-4F12-A0B5-CE3CA703FB88}
		{BFAA94F6-8CA1-4159-B0E1-90B09D9C3056} = {BFAA94F6-8CA1-4159-B0E1-90B09D9C3056}
	EndProjectSection
EndProject
Project("{8BC9CEB8-8B4A-11D0-8D11-00A0C91BC942}") = "PCA", "PlugIns\src\Pca\PCA.vcproj", "{5F01DFF1-70D1-494F-8144-F5CFC4530C6A}"
	ProjectSection(ProjectDependencies) = postProject
		{4831B6DF-AEAC-4F12-A0B5-CE3CA703FB88} = {4831B6DF-AEAC-4F12-A0B5-CE3CA703FB88}
		{BFAA94F6-8CA1-4159-B0E1-90B09D9C3056} = {BFAA94F6-8CA1-4159-B0E1-90B09D9C3056}
	EndProjectSection
EndProject
Project("{8BC9CEB8-8B4A-11D0-8D11-00A0C91BC942}") = "SecondMoment", "PlugIns\src\SecondMoment\SecondMoment.vcproj", "{5E112F65-D477-427F-800E-4E0596C79DA5}"
	ProjectSection(ProjectDependencies) = postProject
		{4831B6DF-AEAC-4F12-A0B5-CE3CA703FB88} = {4831B6DF-AEAC-4F12-A0B5-CE3CA703FB88}
		{BFAA94F6-8CA1-4159-B0E1-90B09D9C3056} = {BFAA94F6-8CA1-4159-B0E1-90B09D9C3056}
	EndProjectSection
EndProject
Project("{8BC9CEB8-8B4A-11D0-8D11-00A0C91BC942}") = "DataFusion", "PlugIns\src\DataFusion\DataFusion.vcproj", "{ED0365F6-DD31-4C67-A786-CCE5970DF86D}"
	ProjectSection(ProjectDependencies) = postProject
		{4831B6DF-AEAC-4F12-A0B5-CE3CA703FB88} = {4831B6DF-AEAC-4F12-A0B5-CE3CA703FB88}
		{BFAA94F6-8CA1-4159-B0E1-90B09D9C3056} = {BFAA94F6-8CA1-4159-B0E1-90B09D9C3056}
	EndProjectSection
EndProject
Project("{8BC9CEB8-8B4A-11D0-8D11-00A0C91BC942}") = "HdfPlugInLib", "HdfPlugInLib\HdfPlugInLib.vcproj", "{7E7E6BB9-95F4-4961-A39D-148429FCF9BE}"
EndProject
Project("{8BC9CEB8-8B4A-11D0-8D11-00A0C91BC942}") = "Wizard", "Wizard\Wizard.vcproj", "{9C7936F8-2C39-4E4A-B8EA-DDD29BE5F653}"
EndProject
Project("{8BC9CEB8-8B4A-11D0-8D11-00A0C91BC942}") = "PlugInSamplerHdf", "PlugIns\src\PlugInSamplerHdf\PlugInSamplerHdf.vcproj", "{A7573793-912E-494E-AF98-99C2EC6DC593}"
	ProjectSection(ProjectDependencies) = postProject
		{7E7E6BB9-95F4-4961-A39D-148429FCF9BE} = {7E7E6BB9-95F4-4961-A39D-148429FCF9BE}
		{4831B6DF-AEAC-4F12-A0B5-CE3CA703FB88} = {4831B6DF-AEAC-4F12-A0B5-CE3CA703FB88}
		{BFAA94F6-8CA1-4159-B0E1-90B09D9C3056} = {BFAA94F6-8CA1-4159-B0E1-90B09D9C3056}
	EndProjectSection
EndProject
Project("{8BC9CEB8-8B4A-11D0-8D11-00A0C91BC942}") = "PlugInSamplerQt", "PlugIns\src\PlugInSamplerQt\PlugInSamplerQt.vcproj", "{C34B718A-5D9C-4A27-9A26-C670DF82680B}"
	ProjectSection(ProjectDependencies) = postProject
		{4831B6DF-AEAC-4F12-A0B5-CE3CA703FB88} = {4831B6DF-AEAC-4F12-A0B5-CE3CA703FB88}
		{BFAA94F6-8CA1-4159-B0E1-90B09D9C3056} = {BFAA94F6-8CA1-4159-B0E1-90B09D9C3056}
	EndProjectSection
EndProject
Project("{8BC9CEB8-8B4A-11D0-8D11-00A0C91BC942}") = "CoreIo", "PlugIns\src\CoreIo\CoreIo.vcproj", "{4E2BBB08-80A1-4414-B920-FC2DE4B0EB5D}"
	ProjectSection(ProjectDependencies) = postProject
		{4831B6DF-AEAC-4F12-A0B5-CE3CA703FB88} = {4831B6DF-AEAC-4F12-A0B5-CE3CA703FB88}
		{BFAA94F6-8CA1-4159-B0E1-90B09D9C3056} = {BFAA94F6-8CA1-4159-B0E1-90B09D9C3056}
	EndProjectSection
EndProject
Project("{8BC9CEB8-8B4A-11D0-8D11-00A0C91BC942}") = "Hdf", "PlugIns\src\Hdf\Hdf.vcproj", "{9F107C5C-3B83-4F7C-943D-AFFC131EAF47}"
	ProjectSection(ProjectDependencies) = postProject
		{7E7E6BB9-95F4-4961-A39D-148429FCF9BE} = {7E7E6BB9-95F4-4961-A39D-148429FCF9BE}
		{4831B6DF-AEAC-4F12-A0B5-CE3CA703FB88} = {4831B6DF-AEAC-4F12-A0B5-CE3CA703FB88}
		{BFAA94F6-8CA1-4159-B0E1-90B09D9C3056} = {BFAA94F6-8CA1-4159-B0E1-90B09D9C3056}
	EndProjectSection
EndProject
Project("{8BC9CEB8-8B4A-11D0-8D11-00A0C91BC942}") = "MovieExporter", "PlugIns\src\MovieExporter\MovieExporter.vcproj", "{60E31C17-55E7-4A6F-89E8-6A921848B973}"
	ProjectSection(ProjectDependencies) = postProject
		{4831B6DF-AEAC-4F12-A0B5-CE3CA703FB88} = {4831B6DF-AEAC-4F12-A0B5-CE3CA703FB88}
		{BFAA94F6-8CA1-4159-B0E1-90B09D9C3056} = {BFAA94F6-8CA1-4159-B0E1-90B09D9C3056}
	EndProjectSection
EndProject
Project("{8BC9CEB8-8B4A-11D0-8D11-00A0C91BC942}") = "Ice", "PlugIns\src\Ice\Ice.vcproj", "{102114D1-9B4E-4354-8F30-C0E7B9DDD215}"
	ProjectSection(ProjectDependencies) = postProject
		{7E7E6BB9-95F4-4961-A39D-148429FCF9BE} = {7E7E6BB9-95F4-4961-A39D-148429FCF9BE}
		{4831B6DF-AEAC-4F12-A0B5-CE3CA703FB88} = {4831B6DF-AEAC-4F12-A0B5-CE3CA703FB88}
		{BFAA94F6-8CA1-4159-B0E1-90B09D9C3056} = {BFAA94F6-8CA1-4159-B0E1-90B09D9C3056}
	EndProjectSection
EndProject
Project("{8BC9CEB8-8B4A-11D0-8D11-00A0C91BC942}") = "Nitf", "PlugIns\src\Nitf\Nitf.vcproj", "{866C6813-C1EB-4F53-B582-E567380A8097}"
	ProjectSection(ProjectDependencies) = postProject
		{A342F95C-42FE-40F4-80DB-5E0288ACD389} = {A342F95C-42FE-40F4-80DB-5E0288ACD389}
		{4831B6DF-AEAC-4F12-A0B5-CE3CA703FB88} = {4831B6DF-AEAC-4F12-A0B5-CE3CA703FB88}
		{BFAA94F6-8CA1-4159-B0E1-90B09D9C3056} = {BFAA94F6-8CA1-4159-B0E1-90B09D9C3056}
	EndProjectSection
EndProject
Project("{8BC9CEB8-8B4A-11D0-8D11-00A0C91BC942}") = "NitfPlugInLib", "NitfPlugInLib\NitfPlugInLib.vcproj", "{A342F95C-42FE-40F4-80DB-5E0288ACD389}"
EndProject
Project("{8BC9CEB8-8B4A-11D0-8D11-00A0C91BC942}") = "Aspam", "PlugIns\src\Aspam\Aspam.vcproj", "{44ED214A-3FDC-4173-B863-D061DDCF0B60}"
	ProjectSection(ProjectDependencies) = postProject
		{4831B6DF-AEAC-4F12-A0B5-CE3CA703FB88} = {4831B6DF-AEAC-4F12-A0B5-CE3CA703FB88}
		{BFAA94F6-8CA1-4159-B0E1-90B09D9C3056} = {BFAA94F6-8CA1-4159-B0E1-90B09D9C3056}
	EndProjectSection
EndProject
Project("{8BC9CEB8-8B4A-11D0-8D11-00A0C91BC942}") = "Results", "PlugIns\src\Results\Results.vcproj", "{47962A8C-CA8C-4549-937B-74ACDAB38D06}"
	ProjectSection(ProjectDependencies) = postProject
		{4831B6DF-AEAC-4F12-A0B5-CE3CA703FB88} = {4831B6DF-AEAC-4F12-A0B5-CE3CA703FB88}
		{BFAA94F6-8CA1-4159-B0E1-90B09D9C3056} = {BFAA94F6-8CA1-4159-B0E1-90B09D9C3056}
	EndProjectSection
EndProject
Project("{8BC9CEB8-8B4A-11D0-8D11-00A0C91BC942}") = "ApiDocs", "ApiDocs\ApiDocs.vcproj", "{9CBD8E2A-E31A-484A-AF58-E1FB31E57F71}"
EndProject
Project("{8BC9CEB8-8B4A-11D0-8D11-00A0C91BC942}") = "GeographicFeatures", "PlugIns\src\GeographicFeatures\GeographicFeatures.vcproj", "{B5C5DBB0-93F4-4069-A838-6E89B9D1F0DB}"
	ProjectSection(ProjectDependencies) = postProject
		{D2E59DB8-9AB4-447F-9340-E7E171E5F566} = {D2E59DB8-9AB4-447F-9340-E7E171E5F566}
		{4831B6DF-AEAC-4F12-A0B5-CE3CA703FB88} = {4831B6DF-AEAC-4F12-A0B5-CE3CA703FB88}
		{BFAA94F6-8CA1-4159-B0E1-90B09D9C3056} = {BFAA94F6-8CA1-4159-B0E1-90B09D9C3056}
	EndProjectSection
EndProject
Project("{8BC9CEB8-8B4A-11D0-8D11-00A0C91BC942}") = "ArcProxyLib", "ArcProxyLib\ArcProxyLib.vcproj", "{D2E59DB8-9AB4-447F-9340-E7E171E5F566}"
EndProject
Project("{8BC9CEB8-8B4A-11D0-8D11-00A0C91BC942}") = "ShapeFileExporter", "PlugIns\src\ShapeFileExporter\ShapeFileExporter.vcproj", "{BFB8BA88-F3DF-4AC7-B243-CEB9965E7F61}"
	ProjectSection(ProjectDependencies) = postProject
		{4831B6DF-AEAC-4F12-A0B5-CE3CA703FB88} = {4831B6DF-AEAC-4F12-A0B5-CE3CA703FB88}
		{BFAA94F6-8CA1-4159-B0E1-90B09D9C3056} = {BFAA94F6-8CA1-4159-B0E1-90B09D9C3056}
	EndProjectSection
EndProject
Project("{8BC9CEB8-8B4A-11D0-8D11-00A0C91BC942}") = "PlugInSamplerOoModtran", "PlugIns\src\PlugInSamplerOoModtran\PlugInSamplerOoModtran.vcproj", "{24A240DF-2076-4AEF-89F9-591BD82FCD4D}"
	ProjectSection(ProjectDependencies) = postProject
		{BFAA94F6-8CA1-4159-B0E1-90B09D9C3056} = {BFAA94F6-8CA1-4159-B0E1-90B09D9C3056}
		{4831B6DF-AEAC-4F12-A0B5-CE3CA703FB88} = {4831B6DF-AEAC-4F12-A0B5-CE3CA703FB88}
	EndProjectSection
EndProject
Project("{8BC9CEB8-8B4A-11D0-8D11-00A0C91BC942}") = "NitfCommonTre", "PlugIns\src\NitfCommonTre\NitfCommonTre.vcproj", "{860D2864-451B-42C1-9D5D-7F54E4EA9754}"
	ProjectSection(ProjectDependencies) = postProject
		{A342F95C-42FE-40F4-80DB-5E0288ACD389} = {A342F95C-42FE-40F4-80DB-5E0288ACD389}
		{4831B6DF-AEAC-4F12-A0B5-CE3CA703FB88} = {4831B6DF-AEAC-4F12-A0B5-CE3CA703FB88}
		{BFAA94F6-8CA1-4159-B0E1-90B09D9C3056} = {BFAA94F6-8CA1-4159-B0E1-90B09D9C3056}
	EndProjectSection
EndProject
Project("{8BC9CEB8-8B4A-11D0-8D11-00A0C91BC942}") = "XmlRpc", "PlugIns\src\XmlRpc\XmlRpc.vcproj", "{140590C9-ED72-44A6-B0F0-E4337452D490}"
	ProjectSection(ProjectDependencies) = postProject
		{BFAA94F6-8CA1-4159-B0E1-90B09D9C3056} = {BFAA94F6-8CA1-4159-B0E1-90B09D9C3056}
		{4831B6DF-AEAC-4F12-A0B5-CE3CA703FB88} = {4831B6DF-AEAC-4F12-A0B5-CE3CA703FB88}
	EndProjectSection
EndProject
Project("{8BC9CEB8-8B4A-11D0-8D11-00A0C91BC942}") = "ProductionPlugInTester", "PlugIns\src\ProductionPlugInTester\ProductionPlugInTester.vcproj", "{4181206C-87F1-45B2-A3A2-6C1DF6E1A24C}"
	ProjectSection(ProjectDependencies) = postProject
		{4831B6DF-AEAC-4F12-A0B5-CE3CA703FB88} = {4831B6DF-AEAC-4F12-A0B5-CE3CA703FB88}
	EndProjectSection
EndProject
Global
	GlobalSection(SolutionConfigurationPlatforms) = preSolution
		Debug|Win32 = Debug|Win32
		Debug|x64 = Debug|x64
		Release|Win32 = Release|Win32
		Release|x64 = Release|x64
	EndGlobalSection
	GlobalSection(ProjectConfigurationPlatforms) = postSolution
		{4848789B-87B2-49B2-AF93-8F1B6AA7DB18}.Debug|Win32.ActiveCfg = Debug|Win32
		{4848789B-87B2-49B2-AF93-8F1B6AA7DB18}.Debug|Win32.Build.0 = Debug|Win32
		{4848789B-87B2-49B2-AF93-8F1B6AA7DB18}.Debug|x64.ActiveCfg = Debug|x64
		{4848789B-87B2-49B2-AF93-8F1B6AA7DB18}.Debug|x64.Build.0 = Debug|x64
		{4848789B-87B2-49B2-AF93-8F1B6AA7DB18}.Release|Win32.ActiveCfg = Release|Win32
		{4848789B-87B2-49B2-AF93-8F1B6AA7DB18}.Release|Win32.Build.0 = Release|Win32
		{4848789B-87B2-49B2-AF93-8F1B6AA7DB18}.Release|x64.ActiveCfg = Release|x64
		{4848789B-87B2-49B2-AF93-8F1B6AA7DB18}.Release|x64.Build.0 = Release|x64
		{0831B515-FEFC-4158-BFBD-6D066BA326A7}.Debug|Win32.ActiveCfg = Debug|Win32
		{0831B515-FEFC-4158-BFBD-6D066BA326A7}.Debug|Win32.Build.0 = Debug|Win32
		{0831B515-FEFC-4158-BFBD-6D066BA326A7}.Debug|x64.ActiveCfg = Debug|x64
		{0831B515-FEFC-4158-BFBD-6D066BA326A7}.Debug|x64.Build.0 = Debug|x64
		{0831B515-FEFC-4158-BFBD-6D066BA326A7}.Release|Win32.ActiveCfg = Release|Win32
		{0831B515-FEFC-4158-BFBD-6D066BA326A7}.Release|Win32.Build.0 = Release|Win32
		{0831B515-FEFC-4158-BFBD-6D066BA326A7}.Release|x64.ActiveCfg = Release|x64
		{0831B515-FEFC-4158-BFBD-6D066BA326A7}.Release|x64.Build.0 = Release|x64
		{FAB88922-AA54-431C-8C22-5410A8CEE7B5}.Debug|Win32.ActiveCfg = Debug|Win32
		{FAB88922-AA54-431C-8C22-5410A8CEE7B5}.Debug|Win32.Build.0 = Debug|Win32
		{FAB88922-AA54-431C-8C22-5410A8CEE7B5}.Debug|x64.ActiveCfg = Debug|x64
		{FAB88922-AA54-431C-8C22-5410A8CEE7B5}.Debug|x64.Build.0 = Debug|x64
		{FAB88922-AA54-431C-8C22-5410A8CEE7B5}.Release|Win32.ActiveCfg = Release|Win32
		{FAB88922-AA54-431C-8C22-5410A8CEE7B5}.Release|Win32.Build.0 = Release|Win32
		{FAB88922-AA54-431C-8C22-5410A8CEE7B5}.Release|x64.ActiveCfg = Release|x64
		{FAB88922-AA54-431C-8C22-5410A8CEE7B5}.Release|x64.Build.0 = Release|x64
		{4C2CD020-C760-490E-A412-5053686B91AA}.Debug|Win32.ActiveCfg = Debug|Win32
		{4C2CD020-C760-490E-A412-5053686B91AA}.Debug|Win32.Build.0 = Debug|Win32
		{4C2CD020-C760-490E-A412-5053686B91AA}.Debug|x64.ActiveCfg = Debug|x64
		{4C2CD020-C760-490E-A412-5053686B91AA}.Debug|x64.Build.0 = Debug|x64
		{4C2CD020-C760-490E-A412-5053686B91AA}.Release|Win32.ActiveCfg = Release|Win32
		{4C2CD020-C760-490E-A412-5053686B91AA}.Release|Win32.Build.0 = Release|Win32
		{4C2CD020-C760-490E-A412-5053686B91AA}.Release|x64.ActiveCfg = Release|x64
		{4C2CD020-C760-490E-A412-5053686B91AA}.Release|x64.Build.0 = Release|x64
		{0A996CBC-8F48-499E-88D0-9A989D5439B1}.Debug|Win32.ActiveCfg = Debug|Win32
		{0A996CBC-8F48-499E-88D0-9A989D5439B1}.Debug|Win32.Build.0 = Debug|Win32
		{0A996CBC-8F48-499E-88D0-9A989D5439B1}.Debug|x64.ActiveCfg = Debug|x64
		{0A996CBC-8F48-499E-88D0-9A989D5439B1}.Debug|x64.Build.0 = Debug|x64
		{0A996CBC-8F48-499E-88D0-9A989D5439B1}.Release|Win32.ActiveCfg = Release|Win32
		{0A996CBC-8F48-499E-88D0-9A989D5439B1}.Release|Win32.Build.0 = Release|Win32
		{0A996CBC-8F48-499E-88D0-9A989D5439B1}.Release|x64.ActiveCfg = Release|x64
		{0A996CBC-8F48-499E-88D0-9A989D5439B1}.Release|x64.Build.0 = Release|x64
		{ACDE6B09-D5E8-4002-83FC-96ED7C5A281F}.Debug|Win32.ActiveCfg = Debug|Win32
		{ACDE6B09-D5E8-4002-83FC-96ED7C5A281F}.Debug|Win32.Build.0 = Debug|Win32
		{ACDE6B09-D5E8-4002-83FC-96ED7C5A281F}.Debug|x64.ActiveCfg = Debug|x64
		{ACDE6B09-D5E8-4002-83FC-96ED7C5A281F}.Debug|x64.Build.0 = Debug|x64
		{ACDE6B09-D5E8-4002-83FC-96ED7C5A281F}.Release|Win32.ActiveCfg = Release|Win32
		{ACDE6B09-D5E8-4002-83FC-96ED7C5A281F}.Release|Win32.Build.0 = Release|Win32
		{ACDE6B09-D5E8-4002-83FC-96ED7C5A281F}.Release|x64.ActiveCfg = Release|x64
		{ACDE6B09-D5E8-4002-83FC-96ED7C5A281F}.Release|x64.Build.0 = Release|x64
		{97C1FF5C-E520-457C-BDED-6E4DED63FF2D}.Debug|Win32.ActiveCfg = Debug|Win32
		{97C1FF5C-E520-457C-BDED-6E4DED63FF2D}.Debug|Win32.Build.0 = Debug|Win32
		{97C1FF5C-E520-457C-BDED-6E4DED63FF2D}.Debug|x64.ActiveCfg = Debug|x64
		{97C1FF5C-E520-457C-BDED-6E4DED63FF2D}.Debug|x64.Build.0 = Debug|x64
		{97C1FF5C-E520-457C-BDED-6E4DED63FF2D}.Release|Win32.ActiveCfg = Release|Win32
		{97C1FF5C-E520-457C-BDED-6E4DED63FF2D}.Release|Win32.Build.0 = Release|Win32
		{97C1FF5C-E520-457C-BDED-6E4DED63FF2D}.Release|x64.ActiveCfg = Release|x64
		{97C1FF5C-E520-457C-BDED-6E4DED63FF2D}.Release|x64.Build.0 = Release|x64
		{B10A9A1F-74A1-4A35-80A4-6ABB8B4EA888}.Debug|Win32.ActiveCfg = Debug|Win32
		{B10A9A1F-74A1-4A35-80A4-6ABB8B4EA888}.Debug|Win32.Build.0 = Debug|Win32
		{B10A9A1F-74A1-4A35-80A4-6ABB8B4EA888}.Debug|x64.ActiveCfg = Debug|x64
		{B10A9A1F-74A1-4A35-80A4-6ABB8B4EA888}.Debug|x64.Build.0 = Debug|x64
		{B10A9A1F-74A1-4A35-80A4-6ABB8B4EA888}.Release|Win32.ActiveCfg = Release|Win32
		{B10A9A1F-74A1-4A35-80A4-6ABB8B4EA888}.Release|Win32.Build.0 = Release|Win32
		{B10A9A1F-74A1-4A35-80A4-6ABB8B4EA888}.Release|x64.ActiveCfg = Release|x64
		{B10A9A1F-74A1-4A35-80A4-6ABB8B4EA888}.Release|x64.Build.0 = Release|x64
		{BF9DEC74-D1A6-448F-9C5C-8BF272B79055}.Debug|Win32.ActiveCfg = Debug|Win32
		{BF9DEC74-D1A6-448F-9C5C-8BF272B79055}.Debug|Win32.Build.0 = Debug|Win32
		{BF9DEC74-D1A6-448F-9C5C-8BF272B79055}.Debug|x64.ActiveCfg = Debug|x64
		{BF9DEC74-D1A6-448F-9C5C-8BF272B79055}.Debug|x64.Build.0 = Debug|x64
		{BF9DEC74-D1A6-448F-9C5C-8BF272B79055}.Release|Win32.ActiveCfg = Release|Win32
		{BF9DEC74-D1A6-448F-9C5C-8BF272B79055}.Release|Win32.Build.0 = Release|Win32
		{BF9DEC74-D1A6-448F-9C5C-8BF272B79055}.Release|x64.ActiveCfg = Release|x64
		{BF9DEC74-D1A6-448F-9C5C-8BF272B79055}.Release|x64.Build.0 = Release|x64
		{94A7D2C4-8623-4EF3-8FC9-06CD470A15BD}.Debug|Win32.ActiveCfg = Debug|Win32
		{94A7D2C4-8623-4EF3-8FC9-06CD470A15BD}.Debug|Win32.Build.0 = Debug|Win32
		{94A7D2C4-8623-4EF3-8FC9-06CD470A15BD}.Debug|x64.ActiveCfg = Debug|x64
		{94A7D2C4-8623-4EF3-8FC9-06CD470A15BD}.Debug|x64.Build.0 = Debug|x64
		{94A7D2C4-8623-4EF3-8FC9-06CD470A15BD}.Release|Win32.ActiveCfg = Release|Win32
		{94A7D2C4-8623-4EF3-8FC9-06CD470A15BD}.Release|Win32.Build.0 = Release|Win32
		{94A7D2C4-8623-4EF3-8FC9-06CD470A15BD}.Release|x64.ActiveCfg = Release|x64
		{94A7D2C4-8623-4EF3-8FC9-06CD470A15BD}.Release|x64.Build.0 = Release|x64
		{0190A347-D3BD-45E1-BBB0-48A8749862AB}.Debug|Win32.ActiveCfg = Debug|Win32
		{0190A347-D3BD-45E1-BBB0-48A8749862AB}.Debug|Win32.Build.0 = Debug|Win32
		{0190A347-D3BD-45E1-BBB0-48A8749862AB}.Debug|x64.ActiveCfg = Debug|x64
		{0190A347-D3BD-45E1-BBB0-48A8749862AB}.Debug|x64.Build.0 = Debug|x64
		{0190A347-D3BD-45E1-BBB0-48A8749862AB}.Release|Win32.ActiveCfg = Release|Win32
		{0190A347-D3BD-45E1-BBB0-48A8749862AB}.Release|Win32.Build.0 = Release|Win32
		{0190A347-D3BD-45E1-BBB0-48A8749862AB}.Release|x64.ActiveCfg = Release|x64
		{0190A347-D3BD-45E1-BBB0-48A8749862AB}.Release|x64.Build.0 = Release|x64
		{BFAA94F6-8CA1-4159-B0E1-90B09D9C3056}.Debug|Win32.ActiveCfg = Debug|Win32
		{BFAA94F6-8CA1-4159-B0E1-90B09D9C3056}.Debug|Win32.Build.0 = Debug|Win32
		{BFAA94F6-8CA1-4159-B0E1-90B09D9C3056}.Debug|x64.ActiveCfg = Debug|x64
		{BFAA94F6-8CA1-4159-B0E1-90B09D9C3056}.Debug|x64.Build.0 = Debug|x64
		{BFAA94F6-8CA1-4159-B0E1-90B09D9C3056}.Release|Win32.ActiveCfg = Release|Win32
		{BFAA94F6-8CA1-4159-B0E1-90B09D9C3056}.Release|Win32.Build.0 = Release|Win32
		{BFAA94F6-8CA1-4159-B0E1-90B09D9C3056}.Release|x64.ActiveCfg = Release|x64
		{BFAA94F6-8CA1-4159-B0E1-90B09D9C3056}.Release|x64.Build.0 = Release|x64
		{8DCB3C1B-CCBF-46B5-9F71-056CF68AF1C2}.Debug|Win32.ActiveCfg = Debug|Win32
		{8DCB3C1B-CCBF-46B5-9F71-056CF68AF1C2}.Debug|Win32.Build.0 = Debug|Win32
		{8DCB3C1B-CCBF-46B5-9F71-056CF68AF1C2}.Debug|x64.ActiveCfg = Debug|x64
		{8DCB3C1B-CCBF-46B5-9F71-056CF68AF1C2}.Debug|x64.Build.0 = Debug|x64
		{8DCB3C1B-CCBF-46B5-9F71-056CF68AF1C2}.Release|Win32.ActiveCfg = Release|Win32
		{8DCB3C1B-CCBF-46B5-9F71-056CF68AF1C2}.Release|Win32.Build.0 = Release|Win32
		{8DCB3C1B-CCBF-46B5-9F71-056CF68AF1C2}.Release|x64.ActiveCfg = Release|x64
		{8DCB3C1B-CCBF-46B5-9F71-056CF68AF1C2}.Release|x64.Build.0 = Release|x64
		{EC2BF30D-D678-4382-9169-D52310177A04}.Debug|Win32.ActiveCfg = Debug|Win32
		{EC2BF30D-D678-4382-9169-D52310177A04}.Debug|Win32.Build.0 = Debug|Win32
		{EC2BF30D-D678-4382-9169-D52310177A04}.Debug|x64.ActiveCfg = Debug|x64
		{EC2BF30D-D678-4382-9169-D52310177A04}.Debug|x64.Build.0 = Debug|x64
		{EC2BF30D-D678-4382-9169-D52310177A04}.Release|Win32.ActiveCfg = Release|Win32
		{EC2BF30D-D678-4382-9169-D52310177A04}.Release|Win32.Build.0 = Release|Win32
		{EC2BF30D-D678-4382-9169-D52310177A04}.Release|x64.ActiveCfg = Release|x64
		{EC2BF30D-D678-4382-9169-D52310177A04}.Release|x64.Build.0 = Release|x64
		{4831B6DF-AEAC-4F12-A0B5-CE3CA703FB88}.Debug|Win32.ActiveCfg = Debug|Win32
		{4831B6DF-AEAC-4F12-A0B5-CE3CA703FB88}.Debug|Win32.Build.0 = Debug|Win32
		{4831B6DF-AEAC-4F12-A0B5-CE3CA703FB88}.Debug|x64.ActiveCfg = Debug|x64
		{4831B6DF-AEAC-4F12-A0B5-CE3CA703FB88}.Debug|x64.Build.0 = Debug|x64
		{4831B6DF-AEAC-4F12-A0B5-CE3CA703FB88}.Release|Win32.ActiveCfg = Release|Win32
		{4831B6DF-AEAC-4F12-A0B5-CE3CA703FB88}.Release|Win32.Build.0 = Release|Win32
		{4831B6DF-AEAC-4F12-A0B5-CE3CA703FB88}.Release|x64.ActiveCfg = Release|x64
		{4831B6DF-AEAC-4F12-A0B5-CE3CA703FB88}.Release|x64.Build.0 = Release|x64
		{767B6AEF-001B-4044-AE51-94D542FEAA3C}.Debug|Win32.ActiveCfg = Debug|Win32
		{767B6AEF-001B-4044-AE51-94D542FEAA3C}.Debug|Win32.Build.0 = Debug|Win32
		{767B6AEF-001B-4044-AE51-94D542FEAA3C}.Debug|x64.ActiveCfg = Debug|x64
		{767B6AEF-001B-4044-AE51-94D542FEAA3C}.Debug|x64.Build.0 = Debug|x64
		{767B6AEF-001B-4044-AE51-94D542FEAA3C}.Release|Win32.ActiveCfg = Release|Win32
		{767B6AEF-001B-4044-AE51-94D542FEAA3C}.Release|Win32.Build.0 = Release|Win32
		{767B6AEF-001B-4044-AE51-94D542FEAA3C}.Release|x64.ActiveCfg = Release|x64
		{767B6AEF-001B-4044-AE51-94D542FEAA3C}.Release|x64.Build.0 = Release|x64
		{F40C1A8C-3ABA-4E13-A817-1DC8DF5329B1}.Debug|Win32.ActiveCfg = Debug|Win32
		{F40C1A8C-3ABA-4E13-A817-1DC8DF5329B1}.Debug|Win32.Build.0 = Debug|Win32
		{F40C1A8C-3ABA-4E13-A817-1DC8DF5329B1}.Debug|x64.ActiveCfg = Debug|x64
		{F40C1A8C-3ABA-4E13-A817-1DC8DF5329B1}.Debug|x64.Build.0 = Debug|x64
		{F40C1A8C-3ABA-4E13-A817-1DC8DF5329B1}.Release|Win32.ActiveCfg = Release|Win32
		{F40C1A8C-3ABA-4E13-A817-1DC8DF5329B1}.Release|Win32.Build.0 = Release|Win32
		{F40C1A8C-3ABA-4E13-A817-1DC8DF5329B1}.Release|x64.ActiveCfg = Release|x64
		{F40C1A8C-3ABA-4E13-A817-1DC8DF5329B1}.Release|x64.Build.0 = Release|x64
		{83190CFF-A185-412D-82F0-B3E39954E8F3}.Debug|Win32.ActiveCfg = Debug|Win32
		{83190CFF-A185-412D-82F0-B3E39954E8F3}.Debug|Win32.Build.0 = Debug|Win32
		{83190CFF-A185-412D-82F0-B3E39954E8F3}.Debug|x64.ActiveCfg = Debug|x64
		{83190CFF-A185-412D-82F0-B3E39954E8F3}.Debug|x64.Build.0 = Debug|x64
		{83190CFF-A185-412D-82F0-B3E39954E8F3}.Release|Win32.ActiveCfg = Release|Win32
		{83190CFF-A185-412D-82F0-B3E39954E8F3}.Release|Win32.Build.0 = Release|Win32
		{83190CFF-A185-412D-82F0-B3E39954E8F3}.Release|x64.ActiveCfg = Release|x64
		{83190CFF-A185-412D-82F0-B3E39954E8F3}.Release|x64.Build.0 = Release|x64
		{B23C3B3A-CF01-464C-B220-52070281319F}.Debug|Win32.ActiveCfg = Debug|Win32
		{B23C3B3A-CF01-464C-B220-52070281319F}.Debug|Win32.Build.0 = Debug|Win32
		{B23C3B3A-CF01-464C-B220-52070281319F}.Debug|x64.ActiveCfg = Debug|x64
		{B23C3B3A-CF01-464C-B220-52070281319F}.Debug|x64.Build.0 = Debug|x64
		{B23C3B3A-CF01-464C-B220-52070281319F}.Release|Win32.ActiveCfg = Release|Win32
		{B23C3B3A-CF01-464C-B220-52070281319F}.Release|Win32.Build.0 = Release|Win32
		{B23C3B3A-CF01-464C-B220-52070281319F}.Release|x64.ActiveCfg = Release|x64
		{B23C3B3A-CF01-464C-B220-52070281319F}.Release|x64.Build.0 = Release|x64
		{028F3ABC-AAB5-426C-8127-80C5FEE17647}.Debug|Win32.ActiveCfg = Debug|Win32
		{028F3ABC-AAB5-426C-8127-80C5FEE17647}.Debug|Win32.Build.0 = Debug|Win32
		{028F3ABC-AAB5-426C-8127-80C5FEE17647}.Debug|x64.ActiveCfg = Debug|x64
		{028F3ABC-AAB5-426C-8127-80C5FEE17647}.Debug|x64.Build.0 = Debug|x64
		{028F3ABC-AAB5-426C-8127-80C5FEE17647}.Release|Win32.ActiveCfg = Release|Win32
		{028F3ABC-AAB5-426C-8127-80C5FEE17647}.Release|Win32.Build.0 = Release|Win32
		{028F3ABC-AAB5-426C-8127-80C5FEE17647}.Release|x64.ActiveCfg = Release|x64
		{028F3ABC-AAB5-426C-8127-80C5FEE17647}.Release|x64.Build.0 = Release|x64
		{8DC731C8-6AB9-4F27-8085-7BCAA272528A}.Debug|Win32.ActiveCfg = Debug|Win32
		{8DC731C8-6AB9-4F27-8085-7BCAA272528A}.Debug|Win32.Build.0 = Debug|Win32
		{8DC731C8-6AB9-4F27-8085-7BCAA272528A}.Debug|x64.ActiveCfg = Debug|x64
		{8DC731C8-6AB9-4F27-8085-7BCAA272528A}.Debug|x64.Build.0 = Debug|x64
		{8DC731C8-6AB9-4F27-8085-7BCAA272528A}.Release|Win32.ActiveCfg = Release|Win32
		{8DC731C8-6AB9-4F27-8085-7BCAA272528A}.Release|Win32.Build.0 = Release|Win32
		{8DC731C8-6AB9-4F27-8085-7BCAA272528A}.Release|x64.ActiveCfg = Release|x64
		{8DC731C8-6AB9-4F27-8085-7BCAA272528A}.Release|x64.Build.0 = Release|x64
		{B070AC6F-A194-4B2C-8825-3F03DA6D3070}.Debug|Win32.ActiveCfg = Debug|Win32
		{B070AC6F-A194-4B2C-8825-3F03DA6D3070}.Debug|Win32.Build.0 = Debug|Win32
		{B070AC6F-A194-4B2C-8825-3F03DA6D3070}.Debug|x64.ActiveCfg = Debug|x64
		{B070AC6F-A194-4B2C-8825-3F03DA6D3070}.Debug|x64.Build.0 = Debug|x64
		{B070AC6F-A194-4B2C-8825-3F03DA6D3070}.Release|Win32.ActiveCfg = Release|Win32
		{B070AC6F-A194-4B2C-8825-3F03DA6D3070}.Release|Win32.Build.0 = Release|Win32
		{B070AC6F-A194-4B2C-8825-3F03DA6D3070}.Release|x64.ActiveCfg = Release|x64
		{B070AC6F-A194-4B2C-8825-3F03DA6D3070}.Release|x64.Build.0 = Release|x64
		{5F01DFF1-70D1-494F-8144-F5CFC4530C6A}.Debug|Win32.ActiveCfg = Debug|Win32
		{5F01DFF1-70D1-494F-8144-F5CFC4530C6A}.Debug|Win32.Build.0 = Debug|Win32
		{5F01DFF1-70D1-494F-8144-F5CFC4530C6A}.Debug|x64.ActiveCfg = Debug|x64
		{5F01DFF1-70D1-494F-8144-F5CFC4530C6A}.Debug|x64.Build.0 = Debug|x64
		{5F01DFF1-70D1-494F-8144-F5CFC4530C6A}.Release|Win32.ActiveCfg = Release|Win32
		{5F01DFF1-70D1-494F-8144-F5CFC4530C6A}.Release|Win32.Build.0 = Release|Win32
		{5F01DFF1-70D1-494F-8144-F5CFC4530C6A}.Release|x64.ActiveCfg = Release|x64
		{5F01DFF1-70D1-494F-8144-F5CFC4530C6A}.Release|x64.Build.0 = Release|x64
		{5E112F65-D477-427F-800E-4E0596C79DA5}.Debug|Win32.ActiveCfg = Debug|Win32
		{5E112F65-D477-427F-800E-4E0596C79DA5}.Debug|Win32.Build.0 = Debug|Win32
		{5E112F65-D477-427F-800E-4E0596C79DA5}.Debug|x64.ActiveCfg = Debug|x64
		{5E112F65-D477-427F-800E-4E0596C79DA5}.Debug|x64.Build.0 = Debug|x64
		{5E112F65-D477-427F-800E-4E0596C79DA5}.Release|Win32.ActiveCfg = Release|Win32
		{5E112F65-D477-427F-800E-4E0596C79DA5}.Release|Win32.Build.0 = Release|Win32
		{5E112F65-D477-427F-800E-4E0596C79DA5}.Release|x64.ActiveCfg = Release|x64
		{5E112F65-D477-427F-800E-4E0596C79DA5}.Release|x64.Build.0 = Release|x64
		{ED0365F6-DD31-4C67-A786-CCE5970DF86D}.Debug|Win32.ActiveCfg = Debug|Win32
		{ED0365F6-DD31-4C67-A786-CCE5970DF86D}.Debug|Win32.Build.0 = Debug|Win32
		{ED0365F6-DD31-4C67-A786-CCE5970DF86D}.Debug|x64.ActiveCfg = Debug|x64
		{ED0365F6-DD31-4C67-A786-CCE5970DF86D}.Debug|x64.Build.0 = Debug|x64
		{ED0365F6-DD31-4C67-A786-CCE5970DF86D}.Release|Win32.ActiveCfg = Release|Win32
		{ED0365F6-DD31-4C67-A786-CCE5970DF86D}.Release|Win32.Build.0 = Release|Win32
		{ED0365F6-DD31-4C67-A786-CCE5970DF86D}.Release|x64.ActiveCfg = Release|x64
		{ED0365F6-DD31-4C67-A786-CCE5970DF86D}.Release|x64.Build.0 = Release|x64
		{7E7E6BB9-95F4-4961-A39D-148429FCF9BE}.Debug|Win32.ActiveCfg = Debug|Win32
		{7E7E6BB9-95F4-4961-A39D-148429FCF9BE}.Debug|Win32.Build.0 = Debug|Win32
		{7E7E6BB9-95F4-4961-A39D-148429FCF9BE}.Debug|x64.ActiveCfg = Debug|x64
		{7E7E6BB9-95F4-4961-A39D-148429FCF9BE}.Debug|x64.Build.0 = Debug|x64
		{7E7E6BB9-95F4-4961-A39D-148429FCF9BE}.Release|Win32.ActiveCfg = Release|Win32
		{7E7E6BB9-95F4-4961-A39D-148429FCF9BE}.Release|Win32.Build.0 = Release|Win32
		{7E7E6BB9-95F4-4961-A39D-148429FCF9BE}.Release|x64.ActiveCfg = Release|x64
		{7E7E6BB9-95F4-4961-A39D-148429FCF9BE}.Release|x64.Build.0 = Release|x64
		{9C7936F8-2C39-4E4A-B8EA-DDD29BE5F653}.Debug|Win32.ActiveCfg = Debug|Win32
		{9C7936F8-2C39-4E4A-B8EA-DDD29BE5F653}.Debug|Win32.Build.0 = Debug|Win32
		{9C7936F8-2C39-4E4A-B8EA-DDD29BE5F653}.Debug|x64.ActiveCfg = Debug|x64
		{9C7936F8-2C39-4E4A-B8EA-DDD29BE5F653}.Debug|x64.Build.0 = Debug|x64
		{9C7936F8-2C39-4E4A-B8EA-DDD29BE5F653}.Release|Win32.ActiveCfg = Release|Win32
		{9C7936F8-2C39-4E4A-B8EA-DDD29BE5F653}.Release|Win32.Build.0 = Release|Win32
		{9C7936F8-2C39-4E4A-B8EA-DDD29BE5F653}.Release|x64.ActiveCfg = Release|x64
		{9C7936F8-2C39-4E4A-B8EA-DDD29BE5F653}.Release|x64.Build.0 = Release|x64
		{A7573793-912E-494E-AF98-99C2EC6DC593}.Debug|Win32.ActiveCfg = Debug|Win32
		{A7573793-912E-494E-AF98-99C2EC6DC593}.Debug|Win32.Build.0 = Debug|Win32
		{A7573793-912E-494E-AF98-99C2EC6DC593}.Debug|x64.ActiveCfg = Debug|x64
		{A7573793-912E-494E-AF98-99C2EC6DC593}.Debug|x64.Build.0 = Debug|x64
		{A7573793-912E-494E-AF98-99C2EC6DC593}.Release|Win32.ActiveCfg = Release|Win32
		{A7573793-912E-494E-AF98-99C2EC6DC593}.Release|Win32.Build.0 = Release|Win32
		{A7573793-912E-494E-AF98-99C2EC6DC593}.Release|x64.ActiveCfg = Release|x64
		{A7573793-912E-494E-AF98-99C2EC6DC593}.Release|x64.Build.0 = Release|x64
		{C34B718A-5D9C-4A27-9A26-C670DF82680B}.Debug|Win32.ActiveCfg = Debug|Win32
		{C34B718A-5D9C-4A27-9A26-C670DF82680B}.Debug|Win32.Build.0 = Debug|Win32
		{C34B718A-5D9C-4A27-9A26-C670DF82680B}.Debug|x64.ActiveCfg = Debug|x64
		{C34B718A-5D9C-4A27-9A26-C670DF82680B}.Debug|x64.Build.0 = Debug|x64
		{C34B718A-5D9C-4A27-9A26-C670DF82680B}.Release|Win32.ActiveCfg = Release|Win32
		{C34B718A-5D9C-4A27-9A26-C670DF82680B}.Release|Win32.Build.0 = Release|Win32
		{C34B718A-5D9C-4A27-9A26-C670DF82680B}.Release|x64.ActiveCfg = Release|x64
		{C34B718A-5D9C-4A27-9A26-C670DF82680B}.Release|x64.Build.0 = Release|x64
		{4E2BBB08-80A1-4414-B920-FC2DE4B0EB5D}.Debug|Win32.ActiveCfg = Debug|Win32
		{4E2BBB08-80A1-4414-B920-FC2DE4B0EB5D}.Debug|Win32.Build.0 = Debug|Win32
		{4E2BBB08-80A1-4414-B920-FC2DE4B0EB5D}.Debug|x64.ActiveCfg = Debug|x64
		{4E2BBB08-80A1-4414-B920-FC2DE4B0EB5D}.Debug|x64.Build.0 = Debug|x64
		{4E2BBB08-80A1-4414-B920-FC2DE4B0EB5D}.Release|Win32.ActiveCfg = Release|Win32
		{4E2BBB08-80A1-4414-B920-FC2DE4B0EB5D}.Release|Win32.Build.0 = Release|Win32
		{4E2BBB08-80A1-4414-B920-FC2DE4B0EB5D}.Release|x64.ActiveCfg = Release|x64
		{4E2BBB08-80A1-4414-B920-FC2DE4B0EB5D}.Release|x64.Build.0 = Release|x64
		{9F107C5C-3B83-4F7C-943D-AFFC131EAF47}.Debug|Win32.ActiveCfg = Debug|Win32
		{9F107C5C-3B83-4F7C-943D-AFFC131EAF47}.Debug|Win32.Build.0 = Debug|Win32
		{9F107C5C-3B83-4F7C-943D-AFFC131EAF47}.Debug|x64.ActiveCfg = Debug|x64
		{9F107C5C-3B83-4F7C-943D-AFFC131EAF47}.Debug|x64.Build.0 = Debug|x64
		{9F107C5C-3B83-4F7C-943D-AFFC131EAF47}.Release|Win32.ActiveCfg = Release|Win32
		{9F107C5C-3B83-4F7C-943D-AFFC131EAF47}.Release|Win32.Build.0 = Release|Win32
		{9F107C5C-3B83-4F7C-943D-AFFC131EAF47}.Release|x64.ActiveCfg = Release|x64
		{9F107C5C-3B83-4F7C-943D-AFFC131EAF47}.Release|x64.Build.0 = Release|x64
		{60E31C17-55E7-4A6F-89E8-6A921848B973}.Debug|Win32.ActiveCfg = Debug|Win32
		{60E31C17-55E7-4A6F-89E8-6A921848B973}.Debug|Win32.Build.0 = Debug|Win32
		{60E31C17-55E7-4A6F-89E8-6A921848B973}.Debug|x64.ActiveCfg = Debug|x64
		{60E31C17-55E7-4A6F-89E8-6A921848B973}.Debug|x64.Build.0 = Debug|x64
		{60E31C17-55E7-4A6F-89E8-6A921848B973}.Release|Win32.ActiveCfg = Release|Win32
		{60E31C17-55E7-4A6F-89E8-6A921848B973}.Release|Win32.Build.0 = Release|Win32
		{60E31C17-55E7-4A6F-89E8-6A921848B973}.Release|x64.ActiveCfg = Release|x64
		{60E31C17-55E7-4A6F-89E8-6A921848B973}.Release|x64.Build.0 = Release|x64
		{102114D1-9B4E-4354-8F30-C0E7B9DDD215}.Debug|Win32.ActiveCfg = Debug|Win32
		{102114D1-9B4E-4354-8F30-C0E7B9DDD215}.Debug|Win32.Build.0 = Debug|Win32
		{102114D1-9B4E-4354-8F30-C0E7B9DDD215}.Debug|x64.ActiveCfg = Debug|x64
		{102114D1-9B4E-4354-8F30-C0E7B9DDD215}.Debug|x64.Build.0 = Debug|x64
		{102114D1-9B4E-4354-8F30-C0E7B9DDD215}.Release|Win32.ActiveCfg = Release|Win32
		{102114D1-9B4E-4354-8F30-C0E7B9DDD215}.Release|Win32.Build.0 = Release|Win32
		{102114D1-9B4E-4354-8F30-C0E7B9DDD215}.Release|x64.ActiveCfg = Release|x64
		{102114D1-9B4E-4354-8F30-C0E7B9DDD215}.Release|x64.Build.0 = Release|x64
		{866C6813-C1EB-4F53-B582-E567380A8097}.Debug|Win32.ActiveCfg = Debug|Win32
		{866C6813-C1EB-4F53-B582-E567380A8097}.Debug|Win32.Build.0 = Debug|Win32
		{866C6813-C1EB-4F53-B582-E567380A8097}.Debug|x64.ActiveCfg = Debug|x64
		{866C6813-C1EB-4F53-B582-E567380A8097}.Debug|x64.Build.0 = Debug|x64
		{866C6813-C1EB-4F53-B582-E567380A8097}.Release|Win32.ActiveCfg = Release|Win32
		{866C6813-C1EB-4F53-B582-E567380A8097}.Release|Win32.Build.0 = Release|Win32
		{866C6813-C1EB-4F53-B582-E567380A8097}.Release|x64.ActiveCfg = Release|x64
		{866C6813-C1EB-4F53-B582-E567380A8097}.Release|x64.Build.0 = Release|x64
		{A342F95C-42FE-40F4-80DB-5E0288ACD389}.Debug|Win32.ActiveCfg = Debug|Win32
		{A342F95C-42FE-40F4-80DB-5E0288ACD389}.Debug|Win32.Build.0 = Debug|Win32
		{A342F95C-42FE-40F4-80DB-5E0288ACD389}.Debug|x64.ActiveCfg = Debug|x64
		{A342F95C-42FE-40F4-80DB-5E0288ACD389}.Debug|x64.Build.0 = Debug|x64
		{A342F95C-42FE-40F4-80DB-5E0288ACD389}.Release|Win32.ActiveCfg = Release|Win32
		{A342F95C-42FE-40F4-80DB-5E0288ACD389}.Release|Win32.Build.0 = Release|Win32
		{A342F95C-42FE-40F4-80DB-5E0288ACD389}.Release|x64.ActiveCfg = Release|x64
		{A342F95C-42FE-40F4-80DB-5E0288ACD389}.Release|x64.Build.0 = Release|x64
		{44ED214A-3FDC-4173-B863-D061DDCF0B60}.Debug|Win32.ActiveCfg = Debug|Win32
		{44ED214A-3FDC-4173-B863-D061DDCF0B60}.Debug|Win32.Build.0 = Debug|Win32
		{44ED214A-3FDC-4173-B863-D061DDCF0B60}.Debug|x64.ActiveCfg = Debug|x64
		{44ED214A-3FDC-4173-B863-D061DDCF0B60}.Debug|x64.Build.0 = Debug|x64
		{44ED214A-3FDC-4173-B863-D061DDCF0B60}.Release|Win32.ActiveCfg = Release|Win32
		{44ED214A-3FDC-4173-B863-D061DDCF0B60}.Release|Win32.Build.0 = Release|Win32
		{44ED214A-3FDC-4173-B863-D061DDCF0B60}.Release|x64.ActiveCfg = Release|x64
		{44ED214A-3FDC-4173-B863-D061DDCF0B60}.Release|x64.Build.0 = Release|x64
		{47962A8C-CA8C-4549-937B-74ACDAB38D06}.Debug|Win32.ActiveCfg = Debug|Win32
		{47962A8C-CA8C-4549-937B-74ACDAB38D06}.Debug|Win32.Build.0 = Debug|Win32
		{47962A8C-CA8C-4549-937B-74ACDAB38D06}.Debug|x64.ActiveCfg = Debug|x64
		{47962A8C-CA8C-4549-937B-74ACDAB38D06}.Debug|x64.Build.0 = Debug|x64
		{47962A8C-CA8C-4549-937B-74ACDAB38D06}.Release|Win32.ActiveCfg = Release|Win32
		{47962A8C-CA8C-4549-937B-74ACDAB38D06}.Release|Win32.Build.0 = Release|Win32
		{47962A8C-CA8C-4549-937B-74ACDAB38D06}.Release|x64.ActiveCfg = Release|x64
		{47962A8C-CA8C-4549-937B-74ACDAB38D06}.Release|x64.Build.0 = Release|x64
		{9CBD8E2A-E31A-484A-AF58-E1FB31E57F71}.Debug|Win32.ActiveCfg = Debug|Win32
		{9CBD8E2A-E31A-484A-AF58-E1FB31E57F71}.Debug|x64.ActiveCfg = Debug|Win32
		{9CBD8E2A-E31A-484A-AF58-E1FB31E57F71}.Release|Win32.ActiveCfg = Release|Win32
		{9CBD8E2A-E31A-484A-AF58-E1FB31E57F71}.Release|x64.ActiveCfg = Release|Win32
		{B5C5DBB0-93F4-4069-A838-6E89B9D1F0DB}.Debug|Win32.ActiveCfg = Debug|Win32
		{B5C5DBB0-93F4-4069-A838-6E89B9D1F0DB}.Debug|Win32.Build.0 = Debug|Win32
		{B5C5DBB0-93F4-4069-A838-6E89B9D1F0DB}.Debug|x64.ActiveCfg = Debug|x64
		{B5C5DBB0-93F4-4069-A838-6E89B9D1F0DB}.Debug|x64.Build.0 = Debug|x64
		{B5C5DBB0-93F4-4069-A838-6E89B9D1F0DB}.Release|Win32.ActiveCfg = Release|Win32
		{B5C5DBB0-93F4-4069-A838-6E89B9D1F0DB}.Release|Win32.Build.0 = Release|Win32
		{B5C5DBB0-93F4-4069-A838-6E89B9D1F0DB}.Release|x64.ActiveCfg = Release|x64
		{B5C5DBB0-93F4-4069-A838-6E89B9D1F0DB}.Release|x64.Build.0 = Release|x64
		{D2E59DB8-9AB4-447F-9340-E7E171E5F566}.Debug|Win32.ActiveCfg = Debug|Win32
		{D2E59DB8-9AB4-447F-9340-E7E171E5F566}.Debug|Win32.Build.0 = Debug|Win32
		{D2E59DB8-9AB4-447F-9340-E7E171E5F566}.Debug|x64.ActiveCfg = Debug|x64
		{D2E59DB8-9AB4-447F-9340-E7E171E5F566}.Debug|x64.Build.0 = Debug|x64
		{D2E59DB8-9AB4-447F-9340-E7E171E5F566}.Release|Win32.ActiveCfg = Release|Win32
		{D2E59DB8-9AB4-447F-9340-E7E171E5F566}.Release|Win32.Build.0 = Release|Win32
		{D2E59DB8-9AB4-447F-9340-E7E171E5F566}.Release|x64.ActiveCfg = Release|x64
		{D2E59DB8-9AB4-447F-9340-E7E171E5F566}.Release|x64.Build.0 = Release|x64
		{BFB8BA88-F3DF-4AC7-B243-CEB9965E7F61}.Debug|Win32.ActiveCfg = Debug|Win32
		{BFB8BA88-F3DF-4AC7-B243-CEB9965E7F61}.Debug|Win32.Build.0 = Debug|Win32
		{BFB8BA88-F3DF-4AC7-B243-CEB9965E7F61}.Debug|x64.ActiveCfg = Debug|x64
		{BFB8BA88-F3DF-4AC7-B243-CEB9965E7F61}.Debug|x64.Build.0 = Debug|x64
		{BFB8BA88-F3DF-4AC7-B243-CEB9965E7F61}.Release|Win32.ActiveCfg = Release|Win32
		{BFB8BA88-F3DF-4AC7-B243-CEB9965E7F61}.Release|Win32.Build.0 = Release|Win32
		{BFB8BA88-F3DF-4AC7-B243-CEB9965E7F61}.Release|x64.ActiveCfg = Release|x64
		{BFB8BA88-F3DF-4AC7-B243-CEB9965E7F61}.Release|x64.Build.0 = Release|x64
		{24A240DF-2076-4AEF-89F9-591BD82FCD4D}.Debug|Win32.ActiveCfg = Debug|Win32
		{24A240DF-2076-4AEF-89F9-591BD82FCD4D}.Debug|Win32.Build.0 = Debug|Win32
		{24A240DF-2076-4AEF-89F9-591BD82FCD4D}.Debug|x64.ActiveCfg = Debug|x64
		{24A240DF-2076-4AEF-89F9-591BD82FCD4D}.Debug|x64.Build.0 = Debug|x64
		{24A240DF-2076-4AEF-89F9-591BD82FCD4D}.Release|Win32.ActiveCfg = Release|Win32
		{24A240DF-2076-4AEF-89F9-591BD82FCD4D}.Release|Win32.Build.0 = Release|Win32
		{24A240DF-2076-4AEF-89F9-591BD82FCD4D}.Release|x64.ActiveCfg = Release|x64
		{24A240DF-2076-4AEF-89F9-591BD82FCD4D}.Release|x64.Build.0 = Release|x64
		{860D2864-451B-42C1-9D5D-7F54E4EA9754}.Debug|Win32.ActiveCfg = Debug|Win32
		{860D2864-451B-42C1-9D5D-7F54E4EA9754}.Debug|Win32.Build.0 = Debug|Win32
		{860D2864-451B-42C1-9D5D-7F54E4EA9754}.Debug|x64.ActiveCfg = Debug|x64
		{860D2864-451B-42C1-9D5D-7F54E4EA9754}.Debug|x64.Build.0 = Debug|x64
		{860D2864-451B-42C1-9D5D-7F54E4EA9754}.Release|Win32.ActiveCfg = Release|Win32
		{860D2864-451B-42C1-9D5D-7F54E4EA9754}.Release|Win32.Build.0 = Release|Win32
		{860D2864-451B-42C1-9D5D-7F54E4EA9754}.Release|x64.ActiveCfg = Release|x64
		{860D2864-451B-42C1-9D5D-7F54E4EA9754}.Release|x64.Build.0 = Release|x64
		{140590C9-ED72-44A6-B0F0-E4337452D490}.Debug|Win32.ActiveCfg = Debug|Win32
		{140590C9-ED72-44A6-B0F0-E4337452D490}.Debug|Win32.Build.0 = Debug|Win32
		{140590C9-ED72-44A6-B0F0-E4337452D490}.Debug|x64.ActiveCfg = Debug|x64
		{140590C9-ED72-44A6-B0F0-E4337452D490}.Debug|x64.Build.0 = Debug|x64
		{140590C9-ED72-44A6-B0F0-E4337452D490}.Release|Win32.ActiveCfg = Release|Win32
		{140590C9-ED72-44A6-B0F0-E4337452D490}.Release|Win32.Build.0 = Release|Win32
		{140590C9-ED72-44A6-B0F0-E4337452D490}.Release|x64.ActiveCfg = Release|x64
		{140590C9-ED72-44A6-B0F0-E4337452D490}.Release|x64.Build.0 = Release|x64
		{4181206C-87F1-45B2-A3A2-6C1DF6E1A24C}.Debug|Win32.ActiveCfg = Debug|Win32
		{4181206C-87F1-45B2-A3A2-6C1DF6E1A24C}.Debug|Win32.Build.0 = Debug|Win32
		{4181206C-87F1-45B2-A3A2-6C1DF6E1A24C}.Debug|x64.ActiveCfg = Debug|x64
		{4181206C-87F1-45B2-A3A2-6C1DF6E1A24C}.Debug|x64.Build.0 = Debug|x64
		{4181206C-87F1-45B2-A3A2-6C1DF6E1A24C}.Release|Win32.ActiveCfg = Release|Win32
		{4181206C-87F1-45B2-A3A2-6C1DF6E1A24C}.Release|Win32.Build.0 = Release|Win32
		{4181206C-87F1-45B2-A3A2-6C1DF6E1A24C}.Release|x64.ActiveCfg = Release|x64
		{4181206C-87F1-45B2-A3A2-6C1DF6E1A24C}.Release|x64.Build.0 = Release|x64
	EndGlobalSection
	GlobalSection(SolutionProperties) = preSolution
		HideSolutionNode = FALSE
	EndGlobalSection
EndGlobal
