Microsoft Visual Studio Solution File, Format Version 9.00
# Visual Studio 2005
Project("{8BC9CEB8-8B4A-11D0-8D11-00A0C91BC942}") = "PlugInSampler", "PlugIns\src\PlugInSampler\PlugInSampler.vcproj", "{EC2BF30D-D678-4382-9169-D52310177A04}"
EndProject
Project("{8BC9CEB8-8B4A-11D0-8D11-00A0C91BC942}") = "PlugInSamplerHdf", "PlugIns\src\PlugInSamplerHdf\PlugInSamplerHdf.vcproj", "{A7573793-912E-494E-AF98-99C2EC6DC593}"
EndProject
Project("{8BC9CEB8-8B4A-11D0-8D11-00A0C91BC942}") = "PlugInSamplerQt", "PlugIns\src\PlugInSamplerQt\PlugInSamplerQt.vcproj", "{C34B718A-5D9C-4A27-9A26-C670DF82680B}"
EndProject
Project("{8BC9CEB8-8B4A-11D0-8D11-00A0C91BC942}") = "Tutorial", "PlugIns\src\Tutorial\Tutorial.vcproj", "{93926B8A-738B-4DEB-9045-AE7C0BB4ABD4}"
EndProject
Global
	GlobalSection(SolutionConfigurationPlatforms) = preSolution
		Debug|Win32 = Debug|Win32
		Debug|x64 = Debug|x64
		Release|Win32 = Release|Win32
		Release|x64 = Release|x64
	EndGlobalSection
	GlobalSection(ProjectConfigurationPlatforms) = postSolution
		{EC2BF30D-D678-4382-9169-D52310177A04}.Debug|Win32.ActiveCfg = Debug|Win32
		{EC2BF30D-D678-4382-9169-D52310177A04}.Debug|Win32.Build.0 = Debug|Win32
		{EC2BF30D-D678-4382-9169-D52310177A04}.Debug|x64.ActiveCfg = Debug|x64
		{EC2BF30D-D678-4382-9169-D52310177A04}.Debug|x64.Build.0 = Debug|x64
		{EC2BF30D-D678-4382-9169-D52310177A04}.Release|Win32.ActiveCfg = Release|Win32
		{EC2BF30D-D678-4382-9169-D52310177A04}.Release|Win32.Build.0 = Release|Win32
		{EC2BF30D-D678-4382-9169-D52310177A04}.Release|x64.ActiveCfg = Release|x64
		{EC2BF30D-D678-4382-9169-D52310177A04}.Release|x64.Build.0 = Release|x64
		{A7573793-912E-494E-AF98-99C2EC6DC593}.Debug|Win32.ActiveCfg = Debug|Win32
		{A7573793-912E-494E-AF98-99C2EC6DC593}.Debug|Win32.Build.0 = Debug|Win32
		{A7573793-912E-494E-AF98-99C2EC6DC593}.Debug|x64.ActiveCfg = Debug|x64
		{A7573793-912E-494E-AF98-99C2EC6DC593}.Release|Win32.ActiveCfg = Release|Win32
		{A7573793-912E-494E-AF98-99C2EC6DC593}.Release|Win32.Build.0 = Release|Win32
		{A7573793-912E-494E-AF98-99C2EC6DC593}.Release|x64.ActiveCfg = Release|x64
		{C34B718A-5D9C-4A27-9A26-C670DF82680B}.Debug|Win32.ActiveCfg = Debug|Win32
		{C34B718A-5D9C-4A27-9A26-C670DF82680B}.Debug|Win32.Build.0 = Debug|Win32
		{C34B718A-5D9C-4A27-9A26-C670DF82680B}.Debug|x64.ActiveCfg = Debug|x64
		{C34B718A-5D9C-4A27-9A26-C670DF82680B}.Debug|x64.Build.0 = Debug|x64
		{C34B718A-5D9C-4A27-9A26-C670DF82680B}.Release|Win32.ActiveCfg = Release|Win32
		{C34B718A-5D9C-4A27-9A26-C670DF82680B}.Release|Win32.Build.0 = Release|Win32
		{C34B718A-5D9C-4A27-9A26-C670DF82680B}.Release|x64.ActiveCfg = Release|x64
		{C34B718A-5D9C-4A27-9A26-C670DF82680B}.Release|x64.Build.0 = Release|x64
		{93926B8A-738B-4DEB-9045-AE7C0BB4ABD4}.Debug|Win32.ActiveCfg = Debug|Win32
		{93926B8A-738B-4DEB-9045-AE7C0BB4ABD4}.Debug|Win32.Build.0 = Debug|Win32
		{93926B8A-738B-4DEB-9045-AE7C0BB4ABD4}.Debug|x64.ActiveCfg = Debug|x64
		{93926B8A-738B-4DEB-9045-AE7C0BB4ABD4}.Debug|x64.Build.0 = Debug|x64
		{93926B8A-738B-4DEB-9045-AE7C0BB4ABD4}.Release|Win32.ActiveCfg = Release|Win32
		{93926B8A-738B-4DEB-9045-AE7C0BB4ABD4}.Release|Win32.Build.0 = Release|Win32
		{93926B8A-738B-4DEB-9045-AE7C0BB4ABD4}.Release|x64.ActiveCfg = Release|x64
		{93926B8A-738B-4DEB-9045-AE7C0BB4ABD4}.Release|x64.Build.0 = Release|x64
	EndGlobalSection
	GlobalSection(SolutionProperties) = preSolution
		HideSolutionNode = FALSE
	EndGlobalSection
EndGlobal
