<?xml version="1.0" encoding="utf-8"?>
<Project ToolsVersion="4.0" xmlns="http://schemas.microsoft.com/developer/msbuild/2003">
  <ItemGroup>
    <Filter Include="Source Files">
      <UniqueIdentifier>{f1a04c28-8450-4344-8b4b-bac15875ef93}</UniqueIdentifier>
      <Extensions>cpp;c;cxx;rc;def;r;odl;idl;hpj;bat</Extensions>
    </Filter>
    <Filter Include="Header Files">
      <UniqueIdentifier>{22d10bfd-336b-454f-a91f-52db7b084393}</UniqueIdentifier>
      <Extensions>h;hpp;hxx;hm;inl</Extensions>
    </Filter>
    <Filter Include="uic">
      <UniqueIdentifier>{0acb9ffd-bf99-4ebb-b212-866dbb3eb302}</UniqueIdentifier>
    </Filter>
    <Filter Include="moc">
      <UniqueIdentifier>{a2a90752-ccb1-46c1-ac40-b535f6402c49}</UniqueIdentifier>
      <Extensions>cpp;c;cxx;rc;def;r;odl;idl;hpj;bat</Extensions>
    </Filter>
  </ItemGroup>
  <ItemGroup>
    <ClCompile Include="AddPlotDlg.cpp">
      <Filter>Source Files</Filter>
    </ClCompile>
    <ClCompile Include="AnimationTest.cpp">
      <Filter>Source Files</Filter>
    </ClCompile>
    <ClCompile Include="AnimationTimingTest.cpp">
      <Filter>Source Files</Filter>
    </ClCompile>
    <ClCompile Include="CloseNotificationTest.cpp">
      <Filter>Source Files</Filter>
    </ClCompile>
    <ClCompile Include="CustomLayerDrawObject.cpp">
      <Filter>Source Files</Filter>
    </ClCompile>
    <ClCompile Include="CustomLayerPlugIn.cpp">
      <Filter>Source Files</Filter>
    </ClCompile>
    <ClCompile Include="DataPlotterDlg.cpp">
      <Filter>Source Files</Filter>
    </ClCompile>
    <ClCompile Include="DataPlotterPlugIn.cpp">
      <Filter>Source Files</Filter>
    </ClCompile>
    <ClCompile Include="Demo.cpp">
      <Filter>Source Files</Filter>
    </ClCompile>
    <ClCompile Include="DemoAlgorithm.cpp">
      <Filter>Source Files</Filter>
    </ClCompile>
    <ClCompile Include="DemoGuiImp.cpp">
      <Filter>Source Files</Filter>
    </ClCompile>
    <ClCompile Include="DesktopAPITest.cpp">
      <Filter>Source Files</Filter>
    </ClCompile>
    <ClCompile Include="DesktopAPITestGui.cpp">
      <Filter>Source Files</Filter>
    </ClCompile>
    <ClCompile Include="DesktopAPITestProperties.cpp">
      <Filter>Source Files</Filter>
    </ClCompile>
    <ClCompile Include="DockWindowWidget.cpp">
      <Filter>Source Files</Filter>
    </ClCompile>
    <ClCompile Include="LogContextMenuActions.cpp">
      <Filter>Source Files</Filter>
    </ClCompile>
    <ClCompile Include="MenuAndToolBarTest.cpp">
      <Filter>Source Files</Filter>
    </ClCompile>
    <ClCompile Include="MenuAndToolBarTestGui.cpp">
      <Filter>Source Files</Filter>
    </ClCompile>
    <ClCompile Include="Modeless.cpp">
      <Filter>Source Files</Filter>
    </ClCompile>
    <ClCompile Include="ModuleManager.cpp">
      <Filter>Source Files</Filter>
    </ClCompile>
    <ClCompile Include="MouseModePlugIn.cpp">
      <Filter>Source Files</Filter>
    </ClCompile>
    <ClCompile Include="MouseModeTest.cpp">
      <Filter>Source Files</Filter>
    </ClCompile>
    <ClCompile Include="MouseModeTestGui.cpp">
      <Filter>Source Files</Filter>
    </ClCompile>
    <ClCompile Include="MultiLayerMovie.cpp">
      <Filter>Source Files</Filter>
    </ClCompile>
    <ClCompile Include="MultiMovie.cpp">
      <Filter>Source Files</Filter>
    </ClCompile>
    <ClCompile Include="OptionsSample.cpp">
      <Filter>Source Files</Filter>
    </ClCompile>
    <ClCompile Include="OptionsSuppressibleMsgDlg.cpp">
      <Filter>Source Files</Filter>
    </ClCompile>
    <ClCompile Include="PixelAspectRatio.cpp">
      <Filter>Source Files</Filter>
    </ClCompile>
    <ClCompile Include="PixelAspectRatioGui.cpp">
      <Filter>Source Files</Filter>
    </ClCompile>
    <ClCompile Include="PlotManager.cpp">
      <Filter>Source Files</Filter>
    </ClCompile>
    <ClCompile Include="PlotPropertiesDlg.cpp">
      <Filter>Source Files</Filter>
    </ClCompile>
    <ClCompile Include="PlugInSelectorDlg.cpp">
      <Filter>Source Files</Filter>
    </ClCompile>
    <ClCompile Include="PlugInTester.cpp">
      <Filter>Source Files</Filter>
    </ClCompile>
    <ClCompile Include="RasterTimingTest.cpp">
      <Filter>Source Files</Filter>
    </ClCompile>
    <ClCompile Include="SampleGeoref.cpp">
      <Filter>Source Files</Filter>
    </ClCompile>
    <ClCompile Include="SampleGeorefGui.cpp">
      <Filter>Source Files</Filter>
    </ClCompile>
    <ClCompile Include="TiePointTester.cpp">
      <Filter>Source Files</Filter>
    </ClCompile>
    <ClCompile Include="TiePointTesterAlgorithm.cpp">
      <Filter>Source Files</Filter>
    </ClCompile>
    <ClCompile Include="$(BuildDir)\Moc\$(ProjectName)\moc_AddPlotDlg.cpp">
      <Filter>moc</Filter>
    </ClCompile>
    <ClCompile Include="$(BuildDir)\Moc\$(ProjectName)\moc_AnimationTest.cpp">
      <Filter>moc</Filter>
    </ClCompile>
    <ClCompile Include="$(BuildDir)\Moc\$(ProjectName)\moc_AnimationTimingTest.cpp">
      <Filter>moc</Filter>
    </ClCompile>
    <ClCompile Include="$(BuildDir)\Moc\$(ProjectName)\moc_DataPlotterDlg.cpp">
      <Filter>moc</Filter>
    </ClCompile>
    <ClCompile Include="$(BuildDir)\Moc\$(ProjectName)\moc_DemoGuiImp.cpp">
      <Filter>moc</Filter>
    </ClCompile>
    <ClCompile Include="$(BuildDir)\Moc\$(ProjectName)\moc_DesktopAPITest.cpp">
      <Filter>moc</Filter>
    </ClCompile>
    <ClCompile Include="$(BuildDir)\Moc\$(ProjectName)\moc_DesktopAPITestGui.cpp">
      <Filter>moc</Filter>
    </ClCompile>
    <ClCompile Include="$(BuildDir)\Moc\$(ProjectName)\moc_DockWindowWidget.cpp">
      <Filter>moc</Filter>
    </ClCompile>
    <ClCompile Include="$(BuildDir)\Moc\$(ProjectName)\moc_LogContextMenuActions.cpp">
      <Filter>moc</Filter>
    </ClCompile>
    <ClCompile Include="$(BuildDir)\Moc\$(ProjectName)\moc_MenuAndToolBarTest.cpp">
      <Filter>moc</Filter>
    </ClCompile>
    <ClCompile Include="$(BuildDir)\Moc\$(ProjectName)\moc_MenuAndToolBarTestGui.cpp">
      <Filter>moc</Filter>
    </ClCompile>
    <ClCompile Include="$(BuildDir)\Moc\$(ProjectName)\moc_Modeless.cpp">
      <Filter>moc</Filter>
    </ClCompile>
    <ClCompile Include="$(BuildDir)\Moc\$(ProjectName)\moc_MouseModeTest.cpp">
      <Filter>moc</Filter>
    </ClCompile>
    <ClCompile Include="$(BuildDir)\Moc\$(ProjectName)\moc_MouseModeTestGui.cpp">
      <Filter>moc</Filter>
    </ClCompile>
    <ClCompile Include="$(BuildDir)\Moc\$(ProjectName)\moc_OptionsSample.cpp">
      <Filter>moc</Filter>
    </ClCompile>
    <ClCompile Include="$(BuildDir)\Moc\$(ProjectName)\moc_OptionsSuppressibleMsgDlg.cpp">
      <Filter>moc</Filter>
    </ClCompile>
    <ClCompile Include="$(BuildDir)\Moc\$(ProjectName)\moc_PixelAspectRatio.cpp">
      <Filter>moc</Filter>
    </ClCompile>
    <ClCompile Include="$(BuildDir)\Moc\$(ProjectName)\moc_PixelAspectRatioGui.cpp">
      <Filter>moc</Filter>
    </ClCompile>
    <ClCompile Include="$(BuildDir)\Moc\$(ProjectName)\moc_PlotPropertiesDlg.cpp">
      <Filter>moc</Filter>
    </ClCompile>
    <ClCompile Include="$(BuildDir)\Moc\$(ProjectName)\moc_PlugInSelectorDlg.cpp">
      <Filter>moc</Filter>
    </ClCompile>
  </ItemGroup>
  <ItemGroup>
    <ClInclude Include="CloseNotificationTest.h">
      <Filter>Header Files</Filter>
    </ClInclude>
    <ClInclude Include="CustomLayerDrawObject.h">
      <Filter>Header Files</Filter>
    </ClInclude>
    <ClInclude Include="CustomLayerPlugIn.h">
      <Filter>Header Files</Filter>
    </ClInclude>
    <ClInclude Include="DataPlotterPlugIn.h">
      <Filter>Header Files</Filter>
    </ClInclude>
    <ClInclude Include="Demo.h">
      <Filter>Header Files</Filter>
    </ClInclude>
    <ClInclude Include="DemoAlgorithm.h">
      <Filter>Header Files</Filter>
    </ClInclude>
    <ClInclude Include="DemoInputs.h">
      <Filter>Header Files</Filter>
    </ClInclude>
    <ClInclude Include="DesktopAPITestProperties.h">
      <Filter>Header Files</Filter>
    </ClInclude>
    <ClInclude Include="MouseModePlugIn.h">
      <Filter>Header Files</Filter>
    </ClInclude>
    <ClInclude Include="MultiLayerMovie.h">
      <Filter>Header Files</Filter>
    </ClInclude>
    <ClInclude Include="MultiMovie.h">
      <Filter>Header Files</Filter>
    </ClInclude>
    <ClInclude Include="Node.h">
      <Filter>Header Files</Filter>
    </ClInclude>
    <ClInclude Include="PlotManager.h">
      <Filter>Header Files</Filter>
    </ClInclude>
    <ClInclude Include="PlugInTester.h">
      <Filter>Header Files</Filter>
    </ClInclude>
    <ClInclude Include="RasterTimingTest.h">
      <Filter>Header Files</Filter>
    </ClInclude>
    <ClInclude Include="SampleGeoref.h">
      <Filter>Header Files</Filter>
    </ClInclude>
    <ClInclude Include="SampleGeorefGui.h">
      <Filter>Header Files</Filter>
    </ClInclude>
    <ClInclude Include="TiePointTester.h">
      <Filter>Header Files</Filter>
    </ClInclude>
    <ClInclude Include="TiePointTesterAlgorithm.h">
      <Filter>Header Files</Filter>
    </ClInclude>
    <ClInclude Include="TiePointTesterInputs.h">
      <Filter>Header Files</Filter>
    </ClInclude>
    <ClInclude Include="$(BuildDir)\Uic\$(ProjectName)\ui_DynamicColormap.h">
      <Filter>uic</Filter>
    </ClInclude>
  </ItemGroup>
  <ItemGroup>
    <CustomBuild Include="AddPlotDlg.h">
      <Filter>Header Files</Filter>
    </CustomBuild>
    <CustomBuild Include="AnimationTest.h">
      <Filter>Header Files</Filter>
    </CustomBuild>
    <CustomBuild Include="AnimationTimingTest.h">
      <Filter>Header Files</Filter>
    </CustomBuild>
    <CustomBuild Include="DataPlotterDlg.h">
      <Filter>Header Files</Filter>
    </CustomBuild>
    <CustomBuild Include="DemoGuiImp.h">
      <Filter>Header Files</Filter>
    </CustomBuild>
    <CustomBuild Include="DesktopAPITest.h">
      <Filter>Header Files</Filter>
    </CustomBuild>
    <CustomBuild Include="DesktopAPITestGui.h">
      <Filter>Header Files</Filter>
    </CustomBuild>
    <CustomBuild Include="DockWindowWidget.h">
      <Filter>Header Files</Filter>
    </CustomBuild>
    <CustomBuild Include="LogContextMenuActions.h">
      <Filter>Header Files</Filter>
    </CustomBuild>
    <CustomBuild Include="MenuAndToolBarTest.h">
      <Filter>Header Files</Filter>
    </CustomBuild>
    <CustomBuild Include="MenuAndToolBarTestGui.h">
      <Filter>Header Files</Filter>
    </CustomBuild>
    <CustomBuild Include="Modeless.h">
      <Filter>Header Files</Filter>
    </CustomBuild>
    <CustomBuild Include="MouseModeTest.h">
      <Filter>Header Files</Filter>
    </CustomBuild>
    <CustomBuild Include="MouseModeTestGui.h">
      <Filter>Header Files</Filter>
    </CustomBuild>
    <CustomBuild Include="OptionsSample.h">
      <Filter>Header Files</Filter>
    </CustomBuild>
    <CustomBuild Include="OptionsSuppressibleMsgDlg.h">
      <Filter>Header Files</Filter>
    </CustomBuild>
    <CustomBuild Include="PixelAspectRatio.h">
      <Filter>Header Files</Filter>
    </CustomBuild>
    <CustomBuild Include="PixelAspectRatioGui.h">
      <Filter>Header Files</Filter>
    </CustomBuild>
    <CustomBuild Include="PlotPropertiesDlg.h">
      <Filter>Header Files</Filter>
    </CustomBuild>
    <CustomBuild Include="PlugInSelectorDlg.h">
      <Filter>Header Files</Filter>
    </CustomBuild>
    <CustomBuild Include="DynamicColormap.ui">
      <Filter>uic</Filter>
    </CustomBuild>
  </ItemGroup>
</Project>